// !$*UTF8*$!
{
	archiveVersion = 1;
	classes = {
	};
	objectVersion = 46;
	objects = {

/* Begin PBXBuildFile section */
		9BC438311B8F6DB4002C872E /* AppDelegate.swift in Sources */ = {isa = PBXBuildFile; fileRef = 9BC438301B8F6DB4002C872E /* AppDelegate.swift */; };
		9BC438331B8F6DB4002C872E /* ViewController.swift in Sources */ = {isa = PBXBuildFile; fileRef = 9BC438321B8F6DB4002C872E /* ViewController.swift */; };
		9BC438361B8F6DB4002C872E /* Main.storyboard in Resources */ = {isa = PBXBuildFile; fileRef = 9BC438341B8F6DB4002C872E /* Main.storyboard */; };
		9BC438381B8F6DB4002C872E /* Assets.xcassets in Resources */ = {isa = PBXBuildFile; fileRef = 9BC438371B8F6DB4002C872E /* Assets.xcassets */; };
		9BC4383B1B8F6DB4002C872E /* LaunchScreen.storyboard in Resources */ = {isa = PBXBuildFile; fileRef = 9BC438391B8F6DB4002C872E /* LaunchScreen.storyboard */; };
		9BC438461B8F6DB4002C872E /* GesturesTests.swift in Sources */ = {isa = PBXBuildFile; fileRef = 9BC438451B8F6DB4002C872E /* GesturesTests.swift */; };
		9BC438511B8F6DB4002C872E /* GesturesUITests.swift in Sources */ = {isa = PBXBuildFile; fileRef = 9BC438501B8F6DB4002C872E /* GesturesUITests.swift */; };
		9BC438601B8F6F67002C872E /* LilPete.png in Resources */ = {isa = PBXBuildFile; fileRef = 9BC4385F1B8F6F67002C872E /* LilPete.png */; settings = {ASSET_TAGS = (); }; };
/* End PBXBuildFile section */

/* Begin PBXContainerItemProxy section */
		9BC438421B8F6DB4002C872E /* PBXContainerItemProxy */ = {
			isa = PBXContainerItemProxy;
			containerPortal = 9BC438251B8F6DB4002C872E /* Project object */;
			proxyType = 1;
			remoteGlobalIDString = 9BC4382C1B8F6DB4002C872E;
			remoteInfo = Gestures;
		};
		9BC4384D1B8F6DB4002C872E /* PBXContainerItemProxy */ = {
			isa = PBXContainerItemProxy;
			containerPortal = 9BC438251B8F6DB4002C872E /* Project object */;
			proxyType = 1;
			remoteGlobalIDString = 9BC4382C1B8F6DB4002C872E;
			remoteInfo = Gestures;
		};
/* End PBXContainerItemProxy section */

/* Begin PBXFileReference section */
		9BC4382D1B8F6DB4002C872E /* Gestures.app */ = {isa = PBXFileReference; explicitFileType = wrapper.application; includeInIndex = 0; path = Gestures.app; sourceTree = BUILT_PRODUCTS_DIR; };
		9BC438301B8F6DB4002C872E /* AppDelegate.swift */ = {isa = PBXFileReference; lastKnownFileType = sourcecode.swift; path = AppDelegate.swift; sourceTree = "<group>"; };
		9BC438321B8F6DB4002C872E /* ViewController.swift */ = {isa = PBXFileReference; lastKnownFileType = sourcecode.swift; path = ViewController.swift; sourceTree = "<group>"; };
		9BC438351B8F6DB4002C872E /* Base */ = {isa = PBXFileReference; lastKnownFileType = file.storyboard; name = Base; path = Base.lproj/Main.storyboard; sourceTree = "<group>"; };
		9BC438371B8F6DB4002C872E /* Assets.xcassets */ = {isa = PBXFileReference; lastKnownFileType = folder.assetcatalog; path = Assets.xcassets; sourceTree = "<group>"; };
		9BC4383A1B8F6DB4002C872E /* Base */ = {isa = PBXFileReference; lastKnownFileType = file.storyboard; name = Base; path = Base.lproj/LaunchScreen.storyboard; sourceTree = "<group>"; };
		9BC4383C1B8F6DB4002C872E /* Info.plist */ = {isa = PBXFileReference; lastKnownFileType = text.plist.xml; path = Info.plist; sourceTree = "<group>"; };
		9BC438411B8F6DB4002C872E /* GesturesTests.xctest */ = {isa = PBXFileReference; explicitFileType = wrapper.cfbundle; includeInIndex = 0; path = GesturesTests.xctest; sourceTree = BUILT_PRODUCTS_DIR; };
		9BC438451B8F6DB4002C872E /* GesturesTests.swift */ = {isa = PBXFileReference; lastKnownFileType = sourcecode.swift; path = GesturesTests.swift; sourceTree = "<group>"; };
		9BC438471B8F6DB4002C872E /* Info.plist */ = {isa = PBXFileReference; lastKnownFileType = text.plist.xml; path = Info.plist; sourceTree = "<group>"; };
		9BC4384C1B8F6DB4002C872E /* GesturesUITests.xctest */ = {isa = PBXFileReference; explicitFileType = wrapper.cfbundle; includeInIndex = 0; path = GesturesUITests.xctest; sourceTree = BUILT_PRODUCTS_DIR; };
		9BC438501B8F6DB4002C872E /* GesturesUITests.swift */ = {isa = PBXFileReference; lastKnownFileType = sourcecode.swift; path = GesturesUITests.swift; sourceTree = "<group>"; };
		9BC438521B8F6DB4002C872E /* Info.plist */ = {isa = PBXFileReference; lastKnownFileType = text.plist.xml; path = Info.plist; sourceTree = "<group>"; };
		9BC4385F1B8F6F67002C872E /* LilPete.png */ = {isa = PBXFileReference; lastKnownFileType = image.png; path = LilPete.png; sourceTree = "<group>"; };
/* End PBXFileReference section */

/* Begin PBXFrameworksBuildPhase section */
		9BC4382A1B8F6DB4002C872E /* Frameworks */ = {
			isa = PBXFrameworksBuildPhase;
			buildActionMask = 2147483647;
			files = (
			);
			runOnlyForDeploymentPostprocessing = 0;
		};
		9BC4383E1B8F6DB4002C872E /* Frameworks */ = {
			isa = PBXFrameworksBuildPhase;
			buildActionMask = 2147483647;
			files = (
			);
			runOnlyForDeploymentPostprocessing = 0;
		};
		9BC438491B8F6DB4002C872E /* Frameworks */ = {
			isa = PBXFrameworksBuildPhase;
			buildActionMask = 2147483647;
			files = (
			);
			runOnlyForDeploymentPostprocessing = 0;
		};
/* End PBXFrameworksBuildPhase section */

/* Begin PBXGroup section */
		9BC438241B8F6DB4002C872E = {
			isa = PBXGroup;
			children = (
				9BC4382F1B8F6DB4002C872E /* Gestures */,
				9BC438441B8F6DB4002C872E /* GesturesTests */,
				9BC4384F1B8F6DB4002C872E /* GesturesUITests */,
				9BC4382E1B8F6DB4002C872E /* Products */,
			);
			sourceTree = "<group>";
		};
		9BC4382E1B8F6DB4002C872E /* Products */ = {
			isa = PBXGroup;
			children = (
				9BC4382D1B8F6DB4002C872E /* Gestures.app */,
				9BC438411B8F6DB4002C872E /* GesturesTests.xctest */,
				9BC4384C1B8F6DB4002C872E /* GesturesUITests.xctest */,
			);
			name = Products;
			sourceTree = "<group>";
		};
		9BC4382F1B8F6DB4002C872E /* Gestures */ = {
			isa = PBXGroup;
			children = (
				9BC4385E1B8F6F05002C872E /* Images */,
				9BC438301B8F6DB4002C872E /* AppDelegate.swift */,
				9BC438321B8F6DB4002C872E /* ViewController.swift */,
				9BC438341B8F6DB4002C872E /* Main.storyboard */,
				9BC438371B8F6DB4002C872E /* Assets.xcassets */,
				9BC438391B8F6DB4002C872E /* LaunchScreen.storyboard */,
				9BC4383C1B8F6DB4002C872E /* Info.plist */,
			);
			path = Gestures;
			sourceTree = "<group>";
		};
		9BC438441B8F6DB4002C872E /* GesturesTests */ = {
			isa = PBXGroup;
			children = (
				9BC438451B8F6DB4002C872E /* GesturesTests.swift */,
				9BC438471B8F6DB4002C872E /* Info.plist */,
			);
			path = GesturesTests;
			sourceTree = "<group>";
		};
		9BC4384F1B8F6DB4002C872E /* GesturesUITests */ = {
			isa = PBXGroup;
			children = (
				9BC438501B8F6DB4002C872E /* GesturesUITests.swift */,
				9BC438521B8F6DB4002C872E /* Info.plist */,
			);
			path = GesturesUITests;
			sourceTree = "<group>";
		};
		9BC4385E1B8F6F05002C872E /* Images */ = {
			isa = PBXGroup;
			children = (
				9BC4385F1B8F6F67002C872E /* LilPete.png */,
			);
			name = Images;
			sourceTree = "<group>";
		};
/* End PBXGroup section */

/* Begin PBXNativeTarget section */
		9BC4382C1B8F6DB4002C872E /* Gestures */ = {
			isa = PBXNativeTarget;
			buildConfigurationList = 9BC438551B8F6DB4002C872E /* Build configuration list for PBXNativeTarget "Gestures" */;
			buildPhases = (
				9BC438291B8F6DB4002C872E /* Sources */,
				9BC4382A1B8F6DB4002C872E /* Frameworks */,
				9BC4382B1B8F6DB4002C872E /* Resources */,
			);
			buildRules = (
			);
			dependencies = (
			);
			name = Gestures;
			productName = Gestures;
			productReference = 9BC4382D1B8F6DB4002C872E /* Gestures.app */;
			productType = "com.apple.product-type.application";
		};
		9BC438401B8F6DB4002C872E /* GesturesTests */ = {
			isa = PBXNativeTarget;
			buildConfigurationList = 9BC438581B8F6DB4002C872E /* Build configuration list for PBXNativeTarget "GesturesTests" */;
			buildPhases = (
				9BC4383D1B8F6DB4002C872E /* Sources */,
				9BC4383E1B8F6DB4002C872E /* Frameworks */,
				9BC4383F1B8F6DB4002C872E /* Resources */,
			);
			buildRules = (
			);
			dependencies = (
				9BC438431B8F6DB4002C872E /* PBXTargetDependency */,
			);
			name = GesturesTests;
			productName = GesturesTests;
			productReference = 9BC438411B8F6DB4002C872E /* GesturesTests.xctest */;
			productType = "com.apple.product-type.bundle.unit-test";
		};
		9BC4384B1B8F6DB4002C872E /* GesturesUITests */ = {
			isa = PBXNativeTarget;
			buildConfigurationList = 9BC4385B1B8F6DB4002C872E /* Build configuration list for PBXNativeTarget "GesturesUITests" */;
			buildPhases = (
				9BC438481B8F6DB4002C872E /* Sources */,
				9BC438491B8F6DB4002C872E /* Frameworks */,
				9BC4384A1B8F6DB4002C872E /* Resources */,
			);
			buildRules = (
			);
			dependencies = (
				9BC4384E1B8F6DB4002C872E /* PBXTargetDependency */,
			);
			name = GesturesUITests;
			productName = GesturesUITests;
			productReference = 9BC4384C1B8F6DB4002C872E /* GesturesUITests.xctest */;
			productType = "com.apple.product-type.bundle.ui-testing";
		};
/* End PBXNativeTarget section */

/* Begin PBXProject section */
		9BC438251B8F6DB4002C872E /* Project object */ = {
			isa = PBXProject;
			attributes = {
				LastUpgradeCheck = 0700;
				ORGANIZATIONNAME = "Oklahoma State University";
				TargetAttributes = {
					9BC4382C1B8F6DB4002C872E = {
						CreatedOnToolsVersion = 7.0;
					};
					9BC438401B8F6DB4002C872E = {
						CreatedOnToolsVersion = 7.0;
						TestTargetID = 9BC4382C1B8F6DB4002C872E;
					};
					9BC4384B1B8F6DB4002C872E = {
						CreatedOnToolsVersion = 7.0;
						TestTargetID = 9BC4382C1B8F6DB4002C872E;
					};
				};
			};
			buildConfigurationList = 9BC438281B8F6DB4002C872E /* Build configuration list for PBXProject "Gestures" */;
			compatibilityVersion = "Xcode 3.2";
			developmentRegion = English;
			hasScannedForEncodings = 0;
			knownRegions = (
				en,
				Base,
			);
			mainGroup = 9BC438241B8F6DB4002C872E;
			productRefGroup = 9BC4382E1B8F6DB4002C872E /* Products */;
			projectDirPath = "";
			projectRoot = "";
			targets = (
				9BC4382C1B8F6DB4002C872E /* Gestures */,
				9BC438401B8F6DB4002C872E /* GesturesTests */,
				9BC4384B1B8F6DB4002C872E /* GesturesUITests */,
			);
		};
/* End PBXProject section */

/* Begin PBXResourcesBuildPhase section */
		9BC4382B1B8F6DB4002C872E /* Resources */ = {
			isa = PBXResourcesBuildPhase;
			buildActionMask = 2147483647;
			files = (
				9BC4383B1B8F6DB4002C872E /* LaunchScreen.storyboard in Resources */,
				9BC438601B8F6F67002C872E /* LilPete.png in Resources */,
				9BC438381B8F6DB4002C872E /* Assets.xcassets in Resources */,
				9BC438361B8F6DB4002C872E /* Main.storyboard in Resources */,
			);
			runOnlyForDeploymentPostprocessing = 0;
		};
		9BC4383F1B8F6DB4002C872E /* Resources */ = {
			isa = PBXResourcesBuildPhase;
			buildActionMask = 2147483647;
			files = (
			);
			runOnlyForDeploymentPostprocessing = 0;
		};
		9BC4384A1B8F6DB4002C872E /* Resources */ = {
			isa = PBXResourcesBuildPhase;
			buildActionMask = 2147483647;
			files = (
			);
			runOnlyForDeploymentPostprocessing = 0;
		};
/* End PBXResourcesBuildPhase section */

/* Begin PBXSourcesBuildPhase section */
		9BC438291B8F6DB4002C872E /* Sources */ = {
			isa = PBXSourcesBuildPhase;
			buildActionMask = 2147483647;
			files = (
				9BC438331B8F6DB4002C872E /* ViewController.swift in Sources */,
				9BC438311B8F6DB4002C872E /* AppDelegate.swift in Sources */,
			);
			runOnlyForDeploymentPostprocessing = 0;
		};
		9BC4383D1B8F6DB4002C872E /* Sources */ = {
			isa = PBXSourcesBuildPhase;
			buildActionMask = 2147483647;
			files = (
				9BC438461B8F6DB4002C872E /* GesturesTests.swift in Sources */,
			);
			runOnlyForDeploymentPostprocessing = 0;
		};
		9BC438481B8F6DB4002C872E /* Sources */ = {
			isa = PBXSourcesBuildPhase;
			buildActionMask = 2147483647;
			files = (
				9BC438511B8F6DB4002C872E /* GesturesUITests.swift in Sources */,
			);
			runOnlyForDeploymentPostprocessing = 0;
		};
/* End PBXSourcesBuildPhase section */

/* Begin PBXTargetDependency section */
		9BC438431B8F6DB4002C872E /* PBXTargetDependency */ = {
			isa = PBXTargetDependency;
			target = 9BC4382C1B8F6DB4002C872E /* Gestures */;
			targetProxy = 9BC438421B8F6DB4002C872E /* PBXContainerItemProxy */;
		};
		9BC4384E1B8F6DB4002C872E /* PBXTargetDependency */ = {
			isa = PBXTargetDependency;
			target = 9BC4382C1B8F6DB4002C872E /* Gestures */;
			targetProxy = 9BC4384D1B8F6DB4002C872E /* PBXContainerItemProxy */;
		};
/* End PBXTargetDependency section */

/* Begin PBXVariantGroup section */
		9BC438341B8F6DB4002C872E /* Main.storyboard */ = {
			isa = PBXVariantGroup;
			children = (
				9BC438351B8F6DB4002C872E /* Base */,
			);
			name = Main.storyboard;
			sourceTree = "<group>";
		};
		9BC438391B8F6DB4002C872E /* LaunchScreen.storyboard */ = {
			isa = PBXVariantGroup;
			children = (
				9BC4383A1B8F6DB4002C872E /* Base */,
			);
			name = LaunchScreen.storyboard;
			sourceTree = "<group>";
		};
/* End PBXVariantGroup section */

/* Begin XCBuildConfiguration section */
		9BC438531B8F6DB4002C872E /* Debug */ = {
			isa = XCBuildConfiguration;
			buildSettings = {
				ALWAYS_SEARCH_USER_PATHS = NO;
				CLANG_CXX_LANGUAGE_STANDARD = "gnu++0x";
				CLANG_CXX_LIBRARY = "libc++";
				CLANG_ENABLE_MODULES = YES;
				CLANG_ENABLE_OBJC_ARC = YES;
				CLANG_WARN_BOOL_CONVERSION = YES;
				CLANG_WARN_CONSTANT_CONVERSION = YES;
				CLANG_WARN_DIRECT_OBJC_ISA_USAGE = YES_ERROR;
				CLANG_WARN_EMPTY_BODY = YES;
				CLANG_WARN_ENUM_CONVERSION = YES;
				CLANG_WARN_INT_CONVERSION = YES;
				CLANG_WARN_OBJC_ROOT_CLASS = YES_ERROR;
				CLANG_WARN_UNREACHABLE_CODE = YES;
				CLANG_WARN__DUPLICATE_METHOD_MATCH = YES;
				"CODE_SIGN_IDENTITY[sdk=iphoneos*]" = "iPhone Developer";
				COPY_PHASE_STRIP = NO;
				DEBUG_INFORMATION_FORMAT = dwarf;
				ENABLE_STRICT_OBJC_MSGSEND = YES;
				ENABLE_TESTABILITY = YES;
				GCC_C_LANGUAGE_STANDARD = gnu99;
				GCC_DYNAMIC_NO_PIC = NO;
				GCC_NO_COMMON_BLOCKS = YES;
				GCC_OPTIMIZATION_LEVEL = 0;
				GCC_PREPROCESSOR_DEFINITIONS = (
					"DEBUG=1",
					"$(inherited)",
				);
				GCC_WARN_64_TO_32_BIT_CONVERSION = YES;
				GCC_WARN_ABOUT_RETURN_TYPE = YES_ERROR;
				GCC_WARN_UNDECLARED_SELECTOR = YES;
				GCC_WARN_UNINITIALIZED_AUTOS = YES_AGGRESSIVE;
				GCC_WARN_UNUSED_FUNCTION = YES;
				GCC_WARN_UNUSED_VARIABLE = YES;
				IPHONEOS_DEPLOYMENT_TARGET = 9.0;
				MTL_ENABLE_DEBUG_INFO = YES;
				ONLY_ACTIVE_ARCH = YES;
				SDKROOT = iphoneos;
				SWIFT_OPTIMIZATION_LEVEL = "-Onone";
			};
			name = Debug;
		};
		9BC438541B8F6DB4002C872E /* Release */ = {
			isa = XCBuildConfiguration;
			buildSettings = {
				ALWAYS_SEARCH_USER_PATHS = NO;
				CLANG_CXX_LANGUAGE_STANDARD = "gnu++0x";
				CLANG_CXX_LIBRARY = "libc++";
				CLANG_ENABLE_MODULES = YES;
				CLANG_ENABLE_OBJC_ARC = YES;
				CLANG_WARN_BOOL_CONVERSION = YES;
				CLANG_WARN_CONSTANT_CONVERSION = YES;
				CLANG_WARN_DIRECT_OBJC_ISA_USAGE = YES_ERROR;
				CLANG_WARN_EMPTY_BODY = YES;
				CLANG_WARN_ENUM_CONVERSION = YES;
				CLANG_WARN_INT_CONVERSION = YES;
				CLANG_WARN_OBJC_ROOT_CLASS = YES_ERROR;
				CLANG_WARN_UNREACHABLE_CODE = YES;
				CLANG_WARN__DUPLICATE_METHOD_MATCH = YES;
				"CODE_SIGN_IDENTITY[sdk=iphoneos*]" = "iPhone Developer";
				COPY_PHASE_STRIP = NO;
				DEBUG_INFORMATION_FORMAT = "dwarf-with-dsym";
				ENABLE_NS_ASSERTIONS = NO;
				ENABLE_STRICT_OBJC_MSGSEND = YES;
				GCC_C_LANGUAGE_STANDARD = gnu99;
				GCC_NO_COMMON_BLOCKS = YES;
				GCC_WARN_64_TO_32_BIT_CONVERSION = YES;
				GCC_WARN_ABOUT_RETURN_TYPE = YES_ERROR;
				GCC_WARN_UNDECLARED_SELECTOR = YES;
				GCC_WARN_UNINITIALIZED_AUTOS = YES_AGGRESSIVE;
				GCC_WARN_UNUSED_FUNCTION = YES;
				GCC_WARN_UNUSED_VARIABLE = YES;
				IPHONEOS_DEPLOYMENT_TARGET = 9.0;
				MTL_ENABLE_DEBUG_INFO = NO;
				SDKROOT = iphoneos;
				VALIDATE_PRODUCT = YES;
			};
			name = Release;
		};
		9BC438561B8F6DB4002C872E /* Debug */ = {
			isa = XCBuildConfiguration;
			buildSettings = {
				ASSETCATALOG_COMPILER_APPICON_NAME = AppIcon;
				INFOPLIST_FILE = Gestures/Info.plist;
				LD_RUNPATH_SEARCH_PATHS = "$(inherited) @executable_path/Frameworks";
				PRODUCT_BUNDLE_IDENTIFIER = edu.okstate.cs.bem.Gestures;
				PRODUCT_NAME = "$(TARGET_NAME)";
			};
			name = Debug;
		};
		9BC438571B8F6DB4002C872E /* Release */ = {
			isa = XCBuildConfiguration;
			buildSettings = {
				ASSETCATALOG_COMPILER_APPICON_NAME = AppIcon;
				INFOPLIST_FILE = Gestures/Info.plist;
				LD_RUNPATH_SEARCH_PATHS = "$(inherited) @executable_path/Frameworks";
				PRODUCT_BUNDLE_IDENTIFIER = edu.okstate.cs.bem.Gestures;
				PRODUCT_NAME = "$(TARGET_NAME)";
			};
			name = Release;
		};
		9BC438591B8F6DB4002C872E /* Debug */ = {
			isa = XCBuildConfiguration;
			buildSettings = {
				BUNDLE_LOADER = "$(TEST_HOST)";
				INFOPLIST_FILE = GesturesTests/Info.plist;
				LD_RUNPATH_SEARCH_PATHS = "$(inherited) @executable_path/Frameworks @loader_path/Frameworks";
				PRODUCT_BUNDLE_IDENTIFIER = edu.okstate.cs.bem.GesturesTests;
				PRODUCT_NAME = "$(TARGET_NAME)";
				TEST_HOST = "$(BUILT_PRODUCTS_DIR)/Gestures.app/Gestures";
			};
			name = Debug;
		};
		9BC4385A1B8F6DB4002C872E /* Release */ = {
			isa = XCBuildConfiguration;
			buildSettings = {
				BUNDLE_LOADER = "$(TEST_HOST)";
				INFOPLIST_FILE = GesturesTests/Info.plist;
				LD_RUNPATH_SEARCH_PATHS = "$(inherited) @executable_path/Frameworks @loader_path/Frameworks";
				PRODUCT_BUNDLE_IDENTIFIER = edu.okstate.cs.bem.GesturesTests;
				PRODUCT_NAME = "$(TARGET_NAME)";
				TEST_HOST = "$(BUILT_PRODUCTS_DIR)/Gestures.app/Gestures";
			};
			name = Release;
		};
		9BC4385C1B8F6DB4002C872E /* Debug */ = {
			isa = XCBuildConfiguration;
			buildSettings = {
				INFOPLIST_FILE = GesturesUITests/Info.plist;
				LD_RUNPATH_SEARCH_PATHS = "$(inherited) @executable_path/Frameworks @loader_path/Frameworks";
				PRODUCT_BUNDLE_IDENTIFIER = edu.okstate.cs.bem.GesturesUITests;
				PRODUCT_NAME = "$(TARGET_NAME)";
				TEST_TARGET_NAME = Gestures;
				USES_XCTRUNNER = YES;
			};
			name = Debug;
		};
		9BC4385D1B8F6DB4002C872E /* Release */ = {
			isa = XCBuildConfiguration;
			buildSettings = {
				INFOPLIST_FILE = GesturesUITests/Info.plist;
				LD_RUNPATH_SEARCH_PATHS = "$(inherited) @executable_path/Frameworks @loader_path/Frameworks";
				PRODUCT_BUNDLE_IDENTIFIER = edu.okstate.cs.bem.GesturesUITests;
				PRODUCT_NAME = "$(TARGET_NAME)";
				TEST_TARGET_NAME = Gestures;
				USES_XCTRUNNER = YES;
			};
			name = Release;
		};
/* End XCBuildConfiguration section */

/* Begin XCConfigurationList section */
		9BC438281B8F6DB4002C872E /* Build configuration list for PBXProject "Gestures" */ = {
			isa = XCConfigurationList;
			buildConfigurations = (
				9BC438531B8F6DB4002C872E /* Debug */,
				9BC438541B8F6DB4002C872E /* Release */,
			);
			defaultConfigurationIsVisible = 0;
			defaultConfigurationName = Release;
		};
		9BC438551B8F6DB4002C872E /* Build configuration list for PBXNativeTarget "Gestures" */ = {
			isa = XCConfigurationList;
			buildConfigurations = (
				9BC438561B8F6DB4002C872E /* Debug */,
				9BC438571B8F6DB4002C872E /* Release */,
			);
			defaultConfigurationIsVisible = 0;
		};
		9BC438581B8F6DB4002C872E /* Build configuration list for PBXNativeTarget "GesturesTests" */ = {
			isa = XCConfigurationList;
			buildConfigurations = (
				9BC438591B8F6DB4002C872E /* Debug */,
				9BC4385A1B8F6DB4002C872E /* Release */,
			);
			defaultConfigurationIsVisible = 0;
		};
		9BC4385B1B8F6DB4002C872E /* Build configuration list for PBXNativeTarget "GesturesUITests" */ = {
			isa = XCConfigurationList;
			buildConfigurations = (
				9BC4385C1B8F6DB4002C872E /* Debug */,
				9BC4385D1B8F6DB4002C872E /* Release */,
			);
			defaultConfigurationIsVisible = 0;
		};
/* End XCConfigurationList section */
	};
	rootObject = 9BC438251B8F6DB4002C872E /* Project object */;
}
