// !$*UTF8*$!
{
	archiveVersion = 1;
	classes = {
	};
	objectVersion = 46;
	objects = {

/* Begin PBXBuildFile section */
		D8823E481BC3631200898586 /* AppDelegate.swift in Sources */ = {isa = PBXBuildFile; fileRef = D8823E471BC3631200898586 /* AppDelegate.swift */; };
		D8823E4A1BC3631200898586 /* ViewController.swift in Sources */ = {isa = PBXBuildFile; fileRef = D8823E491BC3631200898586 /* ViewController.swift */; };
		D8823E4D1BC3631200898586 /* Main.storyboard in Resources */ = {isa = PBXBuildFile; fileRef = D8823E4B1BC3631200898586 /* Main.storyboard */; };
		D8823E4F1BC3631200898586 /* Assets.xcassets in Resources */ = {isa = PBXBuildFile; fileRef = D8823E4E1BC3631200898586 /* Assets.xcassets */; };
		D8823E521BC3631200898586 /* LaunchScreen.storyboard in Resources */ = {isa = PBXBuildFile; fileRef = D8823E501BC3631200898586 /* LaunchScreen.storyboard */; };
		D8823E5D1BC3631300898586 /* WIA7_Lea_NathanTests.swift in Sources */ = {isa = PBXBuildFile; fileRef = D8823E5C1BC3631300898586 /* WIA7_Lea_NathanTests.swift */; };
		D8823E681BC3631300898586 /* WIA7_Lea_NathanUITests.swift in Sources */ = {isa = PBXBuildFile; fileRef = D8823E671BC3631300898586 /* WIA7_Lea_NathanUITests.swift */; };
/* End PBXBuildFile section */

/* Begin PBXContainerItemProxy section */
		D8823E591BC3631300898586 /* PBXContainerItemProxy */ = {
			isa = PBXContainerItemProxy;
			containerPortal = D8823E3C1BC3631200898586 /* Project object */;
			proxyType = 1;
			remoteGlobalIDString = D8823E431BC3631200898586;
			remoteInfo = WIA7_Lea_Nathan;
		};
		D8823E641BC3631300898586 /* PBXContainerItemProxy */ = {
			isa = PBXContainerItemProxy;
			containerPortal = D8823E3C1BC3631200898586 /* Project object */;
			proxyType = 1;
			remoteGlobalIDString = D8823E431BC3631200898586;
			remoteInfo = WIA7_Lea_Nathan;
		};
/* End PBXContainerItemProxy section */

/* Begin PBXFileReference section */
		D8823E441BC3631200898586 /* WIA7_Lea_Nathan.app */ = {isa = PBXFileReference; explicitFileType = wrapper.application; includeInIndex = 0; path = WIA7_Lea_Nathan.app; sourceTree = BUILT_PRODUCTS_DIR; };
		D8823E471BC3631200898586 /* AppDelegate.swift */ = {isa = PBXFileReference; lastKnownFileType = sourcecode.swift; path = AppDelegate.swift; sourceTree = "<group>"; };
		D8823E491BC3631200898586 /* ViewController.swift */ = {isa = PBXFileReference; lastKnownFileType = sourcecode.swift; path = ViewController.swift; sourceTree = "<group>"; };
		D8823E4C1BC3631200898586 /* Base */ = {isa = PBXFileReference; lastKnownFileType = file.storyboard; name = Base; path = Base.lproj/Main.storyboard; sourceTree = "<group>"; };
		D8823E4E1BC3631200898586 /* Assets.xcassets */ = {isa = PBXFileReference; lastKnownFileType = folder.assetcatalog; path = Assets.xcassets; sourceTree = "<group>"; };
		D8823E511BC3631200898586 /* Base */ = {isa = PBXFileReference; lastKnownFileType = file.storyboard; name = Base; path = Base.lproj/LaunchScreen.storyboard; sourceTree = "<group>"; };
		D8823E531BC3631200898586 /* Info.plist */ = {isa = PBXFileReference; lastKnownFileType = text.plist.xml; path = Info.plist; sourceTree = "<group>"; };
		D8823E581BC3631300898586 /* WIA7_Lea_NathanTests.xctest */ = {isa = PBXFileReference; explicitFileType = wrapper.cfbundle; includeInIndex = 0; path = WIA7_Lea_NathanTests.xctest; sourceTree = BUILT_PRODUCTS_DIR; };
		D8823E5C1BC3631300898586 /* WIA7_Lea_NathanTests.swift */ = {isa = PBXFileReference; lastKnownFileType = sourcecode.swift; path = WIA7_Lea_NathanTests.swift; sourceTree = "<group>"; };
		D8823E5E1BC3631300898586 /* Info.plist */ = {isa = PBXFileReference; lastKnownFileType = text.plist.xml; path = Info.plist; sourceTree = "<group>"; };
		D8823E631BC3631300898586 /* WIA7_Lea_NathanUITests.xctest */ = {isa = PBXFileReference; explicitFileType = wrapper.cfbundle; includeInIndex = 0; path = WIA7_Lea_NathanUITests.xctest; sourceTree = BUILT_PRODUCTS_DIR; };
		D8823E671BC3631300898586 /* WIA7_Lea_NathanUITests.swift */ = {isa = PBXFileReference; lastKnownFileType = sourcecode.swift; path = WIA7_Lea_NathanUITests.swift; sourceTree = "<group>"; };
		D8823E691BC3631300898586 /* Info.plist */ = {isa = PBXFileReference; lastKnownFileType = text.plist.xml; path = Info.plist; sourceTree = "<group>"; };
/* End PBXFileReference section */

/* Begin PBXFrameworksBuildPhase section */
		D8823E411BC3631200898586 /* Frameworks */ = {
			isa = PBXFrameworksBuildPhase;
			buildActionMask = 2147483647;
			files = (
			);
			runOnlyForDeploymentPostprocessing = 0;
		};
		D8823E551BC3631300898586 /* Frameworks */ = {
			isa = PBXFrameworksBuildPhase;
			buildActionMask = 2147483647;
			files = (
			);
			runOnlyForDeploymentPostprocessing = 0;
		};
		D8823E601BC3631300898586 /* Frameworks */ = {
			isa = PBXFrameworksBuildPhase;
			buildActionMask = 2147483647;
			files = (
			);
			runOnlyForDeploymentPostprocessing = 0;
		};
/* End PBXFrameworksBuildPhase section */

/* Begin PBXGroup section */
		D8823E3B1BC3631200898586 = {
			isa = PBXGroup;
			children = (
				D8823E461BC3631200898586 /* WIA7_Lea_Nathan */,
				D8823E5B1BC3631300898586 /* WIA7_Lea_NathanTests */,
				D8823E661BC3631300898586 /* WIA7_Lea_NathanUITests */,
				D8823E451BC3631200898586 /* Products */,
			);
			sourceTree = "<group>";
		};
		D8823E451BC3631200898586 /* Products */ = {
			isa = PBXGroup;
			children = (
				D8823E441BC3631200898586 /* WIA7_Lea_Nathan.app */,
				D8823E581BC3631300898586 /* WIA7_Lea_NathanTests.xctest */,
				D8823E631BC3631300898586 /* WIA7_Lea_NathanUITests.xctest */,
			);
			name = Products;
			sourceTree = "<group>";
		};
		D8823E461BC3631200898586 /* WIA7_Lea_Nathan */ = {
			isa = PBXGroup;
			children = (
				D8823E471BC3631200898586 /* AppDelegate.swift */,
				D8823E491BC3631200898586 /* ViewController.swift */,
				D8823E4B1BC3631200898586 /* Main.storyboard */,
				D8823E4E1BC3631200898586 /* Assets.xcassets */,
				D8823E501BC3631200898586 /* LaunchScreen.storyboard */,
				D8823E531BC3631200898586 /* Info.plist */,
			);
			path = WIA7_Lea_Nathan;
			sourceTree = "<group>";
		};
		D8823E5B1BC3631300898586 /* WIA7_Lea_NathanTests */ = {
			isa = PBXGroup;
			children = (
				D8823E5C1BC3631300898586 /* WIA7_Lea_NathanTests.swift */,
				D8823E5E1BC3631300898586 /* Info.plist */,
			);
			path = WIA7_Lea_NathanTests;
			sourceTree = "<group>";
		};
		D8823E661BC3631300898586 /* WIA7_Lea_NathanUITests */ = {
			isa = PBXGroup;
			children = (
				D8823E671BC3631300898586 /* WIA7_Lea_NathanUITests.swift */,
				D8823E691BC3631300898586 /* Info.plist */,
			);
			path = WIA7_Lea_NathanUITests;
			sourceTree = "<group>";
		};
/* End PBXGroup section */

/* Begin PBXNativeTarget section */
		D8823E431BC3631200898586 /* WIA7_Lea_Nathan */ = {
			isa = PBXNativeTarget;
			buildConfigurationList = D8823E6C1BC3631300898586 /* Build configuration list for PBXNativeTarget "WIA7_Lea_Nathan" */;
			buildPhases = (
				D8823E401BC3631200898586 /* Sources */,
				D8823E411BC3631200898586 /* Frameworks */,
				D8823E421BC3631200898586 /* Resources */,
			);
			buildRules = (
			);
			dependencies = (
			);
			name = WIA7_Lea_Nathan;
			productName = WIA7_Lea_Nathan;
			productReference = D8823E441BC3631200898586 /* WIA7_Lea_Nathan.app */;
			productType = "com.apple.product-type.application";
		};
		D8823E571BC3631300898586 /* WIA7_Lea_NathanTests */ = {
			isa = PBXNativeTarget;
			buildConfigurationList = D8823E6F1BC3631300898586 /* Build configuration list for PBXNativeTarget "WIA7_Lea_NathanTests" */;
			buildPhases = (
				D8823E541BC3631300898586 /* Sources */,
				D8823E551BC3631300898586 /* Frameworks */,
				D8823E561BC3631300898586 /* Resources */,
			);
			buildRules = (
			);
			dependencies = (
				D8823E5A1BC3631300898586 /* PBXTargetDependency */,
			);
			name = WIA7_Lea_NathanTests;
			productName = WIA7_Lea_NathanTests;
			productReference = D8823E581BC3631300898586 /* WIA7_Lea_NathanTests.xctest */;
			productType = "com.apple.product-type.bundle.unit-test";
		};
		D8823E621BC3631300898586 /* WIA7_Lea_NathanUITests */ = {
			isa = PBXNativeTarget;
			buildConfigurationList = D8823E721BC3631300898586 /* Build configuration list for PBXNativeTarget "WIA7_Lea_NathanUITests" */;
			buildPhases = (
				D8823E5F1BC3631300898586 /* Sources */,
				D8823E601BC3631300898586 /* Frameworks */,
				D8823E611BC3631300898586 /* Resources */,
			);
			buildRules = (
			);
			dependencies = (
				D8823E651BC3631300898586 /* PBXTargetDependency */,
			);
			name = WIA7_Lea_NathanUITests;
			productName = WIA7_Lea_NathanUITests;
			productReference = D8823E631BC3631300898586 /* WIA7_Lea_NathanUITests.xctest */;
			productType = "com.apple.product-type.bundle.ui-testing";
		};
/* End PBXNativeTarget section */

/* Begin PBXProject section */
		D8823E3C1BC3631200898586 /* Project object */ = {
			isa = PBXProject;
			attributes = {
				LastUpgradeCheck = 0700;
				ORGANIZATIONNAME = Okstate;
				TargetAttributes = {
					D8823E431BC3631200898586 = {
						CreatedOnToolsVersion = 7.0;
					};
					D8823E571BC3631300898586 = {
						CreatedOnToolsVersion = 7.0;
						TestTargetID = D8823E431BC3631200898586;
					};
					D8823E621BC3631300898586 = {
						CreatedOnToolsVersion = 7.0;
						TestTargetID = D8823E431BC3631200898586;
					};
				};
			};
			buildConfigurationList = D8823E3F1BC3631200898586 /* Build configuration list for PBXProject "WIA7_Lea_Nathan" */;
			compatibilityVersion = "Xcode 3.2";
			developmentRegion = English;
			hasScannedForEncodings = 0;
			knownRegions = (
				en,
				Base,
			);
			mainGroup = D8823E3B1BC3631200898586;
			productRefGroup = D8823E451BC3631200898586 /* Products */;
			projectDirPath = "";
			projectRoot = "";
			targets = (
				D8823E431BC3631200898586 /* WIA7_Lea_Nathan */,
				D8823E571BC3631300898586 /* WIA7_Lea_NathanTests */,
				D8823E621BC3631300898586 /* WIA7_Lea_NathanUITests */,
			);
		};
/* End PBXProject section */

/* Begin PBXResourcesBuildPhase section */
		D8823E421BC3631200898586 /* Resources */ = {
			isa = PBXResourcesBuildPhase;
			buildActionMask = 2147483647;
			files = (
				D8823E521BC3631200898586 /* LaunchScreen.storyboard in Resources */,
				D8823E4F1BC3631200898586 /* Assets.xcassets in Resources */,
				D8823E4D1BC3631200898586 /* Main.storyboard in Resources */,
			);
			runOnlyForDeploymentPostprocessing = 0;
		};
		D8823E561BC3631300898586 /* Resources */ = {
			isa = PBXResourcesBuildPhase;
			buildActionMask = 2147483647;
			files = (
			);
			runOnlyForDeploymentPostprocessing = 0;
		};
		D8823E611BC3631300898586 /* Resources */ = {
			isa = PBXResourcesBuildPhase;
			buildActionMask = 2147483647;
			files = (
			);
			runOnlyForDeploymentPostprocessing = 0;
		};
/* End PBXResourcesBuildPhase section */

/* Begin PBXSourcesBuildPhase section */
		D8823E401BC3631200898586 /* Sources */ = {
			isa = PBXSourcesBuildPhase;
			buildActionMask = 2147483647;
			files = (
				D8823E4A1BC3631200898586 /* ViewController.swift in Sources */,
				D8823E481BC3631200898586 /* AppDelegate.swift in Sources */,
			);
			runOnlyForDeploymentPostprocessing = 0;
		};
		D8823E541BC3631300898586 /* Sources */ = {
			isa = PBXSourcesBuildPhase;
			buildActionMask = 2147483647;
			files = (
				D8823E5D1BC3631300898586 /* WIA7_Lea_NathanTests.swift in Sources */,
			);
			runOnlyForDeploymentPostprocessing = 0;
		};
		D8823E5F1BC3631300898586 /* Sources */ = {
			isa = PBXSourcesBuildPhase;
			buildActionMask = 2147483647;
			files = (
				D8823E681BC3631300898586 /* WIA7_Lea_NathanUITests.swift in Sources */,
			);
			runOnlyForDeploymentPostprocessing = 0;
		};
/* End PBXSourcesBuildPhase section */

/* Begin PBXTargetDependency section */
		D8823E5A1BC3631300898586 /* PBXTargetDependency */ = {
			isa = PBXTargetDependency;
			target = D8823E431BC3631200898586 /* WIA7_Lea_Nathan */;
			targetProxy = D8823E591BC3631300898586 /* PBXContainerItemProxy */;
		};
		D8823E651BC3631300898586 /* PBXTargetDependency */ = {
			isa = PBXTargetDependency;
			target = D8823E431BC3631200898586 /* WIA7_Lea_Nathan */;
			targetProxy = D8823E641BC3631300898586 /* PBXContainerItemProxy */;
		};
/* End PBXTargetDependency section */

/* Begin PBXVariantGroup section */
		D8823E4B1BC3631200898586 /* Main.storyboard */ = {
			isa = PBXVariantGroup;
			children = (
				D8823E4C1BC3631200898586 /* Base */,
			);
			name = Main.storyboard;
			sourceTree = "<group>";
		};
		D8823E501BC3631200898586 /* LaunchScreen.storyboard */ = {
			isa = PBXVariantGroup;
			children = (
				D8823E511BC3631200898586 /* Base */,
			);
			name = LaunchScreen.storyboard;
			sourceTree = "<group>";
		};
/* End PBXVariantGroup section */

/* Begin XCBuildConfiguration section */
		D8823E6A1BC3631300898586 /* Debug */ = {
			isa = XCBuildConfiguration;
			buildSettings = {
				ALWAYS_SEARCH_USER_PATHS = NO;
				CLANG_CXX_LANGUAGE_STANDARD = "gnu++0x";
				CLANG_CXX_LIBRARY = "libc++";
				CLANG_ENABLE_MODULES = YES;
				CLANG_ENABLE_OBJC_ARC = YES;
				CLANG_WARN_BOOL_CONVERSION = YES;
				CLANG_WARN_CONSTANT_CONVERSION = YES;
				CLANG_WARN_DIRECT_OBJC_ISA_USAGE = YES_ERROR;
				CLANG_WARN_EMPTY_BODY = YES;
				CLANG_WARN_ENUM_CONVERSION = YES;
				CLANG_WARN_INT_CONVERSION = YES;
				CLANG_WARN_OBJC_ROOT_CLASS = YES_ERROR;
				CLANG_WARN_UNREACHABLE_CODE = YES;
				CLANG_WARN__DUPLICATE_METHOD_MATCH = YES;
				"CODE_SIGN_IDENTITY[sdk=iphoneos*]" = "iPhone Developer";
				COPY_PHASE_STRIP = NO;
				DEBUG_INFORMATION_FORMAT = dwarf;
				ENABLE_STRICT_OBJC_MSGSEND = YES;
				ENABLE_TESTABILITY = YES;
				GCC_C_LANGUAGE_STANDARD = gnu99;
				GCC_DYNAMIC_NO_PIC = NO;
				GCC_NO_COMMON_BLOCKS = YES;
				GCC_OPTIMIZATION_LEVEL = 0;
				GCC_PREPROCESSOR_DEFINITIONS = (
					"DEBUG=1",
					"$(inherited)",
				);
				GCC_WARN_64_TO_32_BIT_CONVERSION = YES;
				GCC_WARN_ABOUT_RETURN_TYPE = YES_ERROR;
				GCC_WARN_UNDECLARED_SELECTOR = YES;
				GCC_WARN_UNINITIALIZED_AUTOS = YES_AGGRESSIVE;
				GCC_WARN_UNUSED_FUNCTION = YES;
				GCC_WARN_UNUSED_VARIABLE = YES;
				IPHONEOS_DEPLOYMENT_TARGET = 9.0;
				MTL_ENABLE_DEBUG_INFO = YES;
				ONLY_ACTIVE_ARCH = YES;
				SDKROOT = iphoneos;
				SWIFT_OPTIMIZATION_LEVEL = "-Onone";
			};
			name = Debug;
		};
		D8823E6B1BC3631300898586 /* Release */ = {
			isa = XCBuildConfiguration;
			buildSettings = {
				ALWAYS_SEARCH_USER_PATHS = NO;
				CLANG_CXX_LANGUAGE_STANDARD = "gnu++0x";
				CLANG_CXX_LIBRARY = "libc++";
				CLANG_ENABLE_MODULES = YES;
				CLANG_ENABLE_OBJC_ARC = YES;
				CLANG_WARN_BOOL_CONVERSION = YES;
				CLANG_WARN_CONSTANT_CONVERSION = YES;
				CLANG_WARN_DIRECT_OBJC_ISA_USAGE = YES_ERROR;
				CLANG_WARN_EMPTY_BODY = YES;
				CLANG_WARN_ENUM_CONVERSION = YES;
				CLANG_WARN_INT_CONVERSION = YES;
				CLANG_WARN_OBJC_ROOT_CLASS = YES_ERROR;
				CLANG_WARN_UNREACHABLE_CODE = YES;
				CLANG_WARN__DUPLICATE_METHOD_MATCH = YES;
				"CODE_SIGN_IDENTITY[sdk=iphoneos*]" = "iPhone Developer";
				COPY_PHASE_STRIP = NO;
				DEBUG_INFORMATION_FORMAT = "dwarf-with-dsym";
				ENABLE_NS_ASSERTIONS = NO;
				ENABLE_STRICT_OBJC_MSGSEND = YES;
				GCC_C_LANGUAGE_STANDARD = gnu99;
				GCC_NO_COMMON_BLOCKS = YES;
				GCC_WARN_64_TO_32_BIT_CONVERSION = YES;
				GCC_WARN_ABOUT_RETURN_TYPE = YES_ERROR;
				GCC_WARN_UNDECLARED_SELECTOR = YES;
				GCC_WARN_UNINITIALIZED_AUTOS = YES_AGGRESSIVE;
				GCC_WARN_UNUSED_FUNCTION = YES;
				GCC_WARN_UNUSED_VARIABLE = YES;
				IPHONEOS_DEPLOYMENT_TARGET = 9.0;
				MTL_ENABLE_DEBUG_INFO = NO;
				SDKROOT = iphoneos;
				VALIDATE_PRODUCT = YES;
			};
			name = Release;
		};
		D8823E6D1BC3631300898586 /* Debug */ = {
			isa = XCBuildConfiguration;
			buildSettings = {
				ASSETCATALOG_COMPILER_APPICON_NAME = AppIcon;
				INFOPLIST_FILE = WIA7_Lea_Nathan/Info.plist;
				LD_RUNPATH_SEARCH_PATHS = "$(inherited) @executable_path/Frameworks";
				PRODUCT_BUNDLE_IDENTIFIER = "CS4153AppDev.WIA7-Lea-Nathan";
				PRODUCT_NAME = "$(TARGET_NAME)";
			};
			name = Debug;
		};
		D8823E6E1BC3631300898586 /* Release */ = {
			isa = XCBuildConfiguration;
			buildSettings = {
				ASSETCATALOG_COMPILER_APPICON_NAME = AppIcon;
				INFOPLIST_FILE = WIA7_Lea_Nathan/Info.plist;
				LD_RUNPATH_SEARCH_PATHS = "$(inherited) @executable_path/Frameworks";
				PRODUCT_BUNDLE_IDENTIFIER = "CS4153AppDev.WIA7-Lea-Nathan";
				PRODUCT_NAME = "$(TARGET_NAME)";
			};
			name = Release;
		};
		D8823E701BC3631300898586 /* Debug */ = {
			isa = XCBuildConfiguration;
			buildSettings = {
				BUNDLE_LOADER = "$(TEST_HOST)";
				INFOPLIST_FILE = WIA7_Lea_NathanTests/Info.plist;
				LD_RUNPATH_SEARCH_PATHS = "$(inherited) @executable_path/Frameworks @loader_path/Frameworks";
				PRODUCT_BUNDLE_IDENTIFIER = "CS4153AppDev.WIA7-Lea-NathanTests";
				PRODUCT_NAME = "$(TARGET_NAME)";
				TEST_HOST = "$(BUILT_PRODUCTS_DIR)/WIA7_Lea_Nathan.app/WIA7_Lea_Nathan";
			};
			name = Debug;
		};
		D8823E711BC3631300898586 /* Release */ = {
			isa = XCBuildConfiguration;
			buildSettings = {
				BUNDLE_LOADER = "$(TEST_HOST)";
				INFOPLIST_FILE = WIA7_Lea_NathanTests/Info.plist;
				LD_RUNPATH_SEARCH_PATHS = "$(inherited) @executable_path/Frameworks @loader_path/Frameworks";
				PRODUCT_BUNDLE_IDENTIFIER = "CS4153AppDev.WIA7-Lea-NathanTests";
				PRODUCT_NAME = "$(TARGET_NAME)";
				TEST_HOST = "$(BUILT_PRODUCTS_DIR)/WIA7_Lea_Nathan.app/WIA7_Lea_Nathan";
			};
			name = Release;
		};
		D8823E731BC3631300898586 /* Debug */ = {
			isa = XCBuildConfiguration;
			buildSettings = {
				INFOPLIST_FILE = WIA7_Lea_NathanUITests/Info.plist;
				LD_RUNPATH_SEARCH_PATHS = "$(inherited) @executable_path/Frameworks @loader_path/Frameworks";
				PRODUCT_BUNDLE_IDENTIFIER = "CS4153AppDev.WIA7-Lea-NathanUITests";
				PRODUCT_NAME = "$(TARGET_NAME)";
				TEST_TARGET_NAME = WIA7_Lea_Nathan;
				USES_XCTRUNNER = YES;
			};
			name = Debug;
		};
		D8823E741BC3631300898586 /* Release */ = {
			isa = XCBuildConfiguration;
			buildSettings = {
				INFOPLIST_FILE = WIA7_Lea_NathanUITests/Info.plist;
				LD_RUNPATH_SEARCH_PATHS = "$(inherited) @executable_path/Frameworks @loader_path/Frameworks";
				PRODUCT_BUNDLE_IDENTIFIER = "CS4153AppDev.WIA7-Lea-NathanUITests";
				PRODUCT_NAME = "$(TARGET_NAME)";
				TEST_TARGET_NAME = WIA7_Lea_Nathan;
				USES_XCTRUNNER = YES;
			};
			name = Release;
		};
/* End XCBuildConfiguration section */

/* Begin XCConfigurationList section */
		D8823E3F1BC3631200898586 /* Build configuration list for PBXProject "WIA7_Lea_Nathan" */ = {
			isa = XCConfigurationList;
			buildConfigurations = (
				D8823E6A1BC3631300898586 /* Debug */,
				D8823E6B1BC3631300898586 /* Release */,
			);
			defaultConfigurationIsVisible = 0;
			defaultConfigurationName = Release;
		};
		D8823E6C1BC3631300898586 /* Build configuration list for PBXNativeTarget "WIA7_Lea_Nathan" */ = {
			isa = XCConfigurationList;
			buildConfigurations = (
				D8823E6D1BC3631300898586 /* Debug */,
				D8823E6E1BC3631300898586 /* Release */,
			);
			defaultConfigurationIsVisible = 0;
		};
		D8823E6F1BC3631300898586 /* Build configuration list for PBXNativeTarget "WIA7_Lea_NathanTests" */ = {
			isa = XCConfigurationList;
			buildConfigurations = (
				D8823E701BC3631300898586 /* Debug */,
				D8823E711BC3631300898586 /* Release */,
			);
			defaultConfigurationIsVisible = 0;
		};
		D8823E721BC3631300898586 /* Build configuration list for PBXNativeTarget "WIA7_Lea_NathanUITests" */ = {
			isa = XCConfigurationList;
			buildConfigurations = (
				D8823E731BC3631300898586 /* Debug */,
				D8823E741BC3631300898586 /* Release */,
			);
			defaultConfigurationIsVisible = 0;
		};
/* End XCConfigurationList section */
	};
	rootObject = D8823E3C1BC3631200898586 /* Project object */;
}
