// !$*UTF8*$!
{
	archiveVersion = 1;
	classes = {
	};
	objectVersion = 46;
	objects = {

/* Begin PBXBuildFile section */
		D81BD81A1B9B7A230088D8B1 /* AppDelegate.swift in Sources */ = {isa = PBXBuildFile; fileRef = D81BD8191B9B7A230088D8B1 /* AppDelegate.swift */; };
		D81BD81C1B9B7A230088D8B1 /* ViewController.swift in Sources */ = {isa = PBXBuildFile; fileRef = D81BD81B1B9B7A230088D8B1 /* ViewController.swift */; };
		D81BD81F1B9B7A230088D8B1 /* Main.storyboard in Resources */ = {isa = PBXBuildFile; fileRef = D81BD81D1B9B7A230088D8B1 /* Main.storyboard */; };
		D81BD8211B9B7A230088D8B1 /* Assets.xcassets in Resources */ = {isa = PBXBuildFile; fileRef = D81BD8201B9B7A230088D8B1 /* Assets.xcassets */; };
		D81BD8241B9B7A230088D8B1 /* LaunchScreen.storyboard in Resources */ = {isa = PBXBuildFile; fileRef = D81BD8221B9B7A230088D8B1 /* LaunchScreen.storyboard */; };
		D81BD82F1B9B7A230088D8B1 /* WIA3_lea_nathanTests.swift in Sources */ = {isa = PBXBuildFile; fileRef = D81BD82E1B9B7A230088D8B1 /* WIA3_lea_nathanTests.swift */; };
		D81BD83A1B9B7A230088D8B1 /* WIA3_lea_nathanUITests.swift in Sources */ = {isa = PBXBuildFile; fileRef = D81BD8391B9B7A230088D8B1 /* WIA3_lea_nathanUITests.swift */; };
		D898E4F51B9E615000F3EA49 /* CustomView.swift in Sources */ = {isa = PBXBuildFile; fileRef = D898E4F41B9E615000F3EA49 /* CustomView.swift */; settings = {ASSET_TAGS = (); }; };
/* End PBXBuildFile section */

/* Begin PBXContainerItemProxy section */
		D81BD82B1B9B7A230088D8B1 /* PBXContainerItemProxy */ = {
			isa = PBXContainerItemProxy;
			containerPortal = D81BD80E1B9B7A230088D8B1 /* Project object */;
			proxyType = 1;
			remoteGlobalIDString = D81BD8151B9B7A230088D8B1;
			remoteInfo = WIA3_lea_nathan;
		};
		D81BD8361B9B7A230088D8B1 /* PBXContainerItemProxy */ = {
			isa = PBXContainerItemProxy;
			containerPortal = D81BD80E1B9B7A230088D8B1 /* Project object */;
			proxyType = 1;
			remoteGlobalIDString = D81BD8151B9B7A230088D8B1;
			remoteInfo = WIA3_lea_nathan;
		};
/* End PBXContainerItemProxy section */

/* Begin PBXFileReference section */
		D81BD8161B9B7A230088D8B1 /* WIA3_lea_nathan.app */ = {isa = PBXFileReference; explicitFileType = wrapper.application; includeInIndex = 0; path = WIA3_lea_nathan.app; sourceTree = BUILT_PRODUCTS_DIR; };
		D81BD8191B9B7A230088D8B1 /* AppDelegate.swift */ = {isa = PBXFileReference; lastKnownFileType = sourcecode.swift; path = AppDelegate.swift; sourceTree = "<group>"; };
		D81BD81B1B9B7A230088D8B1 /* ViewController.swift */ = {isa = PBXFileReference; lastKnownFileType = sourcecode.swift; path = ViewController.swift; sourceTree = "<group>"; };
		D81BD81E1B9B7A230088D8B1 /* Base */ = {isa = PBXFileReference; lastKnownFileType = file.storyboard; name = Base; path = Base.lproj/Main.storyboard; sourceTree = "<group>"; };
		D81BD8201B9B7A230088D8B1 /* Assets.xcassets */ = {isa = PBXFileReference; lastKnownFileType = folder.assetcatalog; path = Assets.xcassets; sourceTree = "<group>"; };
		D81BD8231B9B7A230088D8B1 /* Base */ = {isa = PBXFileReference; lastKnownFileType = file.storyboard; name = Base; path = Base.lproj/LaunchScreen.storyboard; sourceTree = "<group>"; };
		D81BD8251B9B7A230088D8B1 /* Info.plist */ = {isa = PBXFileReference; lastKnownFileType = text.plist.xml; path = Info.plist; sourceTree = "<group>"; };
		D81BD82A1B9B7A230088D8B1 /* WIA3_lea_nathanTests.xctest */ = {isa = PBXFileReference; explicitFileType = wrapper.cfbundle; includeInIndex = 0; path = WIA3_lea_nathanTests.xctest; sourceTree = BUILT_PRODUCTS_DIR; };
		D81BD82E1B9B7A230088D8B1 /* WIA3_lea_nathanTests.swift */ = {isa = PBXFileReference; lastKnownFileType = sourcecode.swift; path = WIA3_lea_nathanTests.swift; sourceTree = "<group>"; };
		D81BD8301B9B7A230088D8B1 /* Info.plist */ = {isa = PBXFileReference; lastKnownFileType = text.plist.xml; path = Info.plist; sourceTree = "<group>"; };
		D81BD8351B9B7A230088D8B1 /* WIA3_lea_nathanUITests.xctest */ = {isa = PBXFileReference; explicitFileType = wrapper.cfbundle; includeInIndex = 0; path = WIA3_lea_nathanUITests.xctest; sourceTree = BUILT_PRODUCTS_DIR; };
		D81BD8391B9B7A230088D8B1 /* WIA3_lea_nathanUITests.swift */ = {isa = PBXFileReference; lastKnownFileType = sourcecode.swift; path = WIA3_lea_nathanUITests.swift; sourceTree = "<group>"; };
		D81BD83B1B9B7A230088D8B1 /* Info.plist */ = {isa = PBXFileReference; lastKnownFileType = text.plist.xml; path = Info.plist; sourceTree = "<group>"; };
		D898E4F41B9E615000F3EA49 /* CustomView.swift */ = {isa = PBXFileReference; fileEncoding = 4; lastKnownFileType = sourcecode.swift; path = CustomView.swift; sourceTree = "<group>"; };
/* End PBXFileReference section */

/* Begin PBXFrameworksBuildPhase section */
		D81BD8131B9B7A230088D8B1 /* Frameworks */ = {
			isa = PBXFrameworksBuildPhase;
			buildActionMask = 2147483647;
			files = (
			);
			runOnlyForDeploymentPostprocessing = 0;
		};
		D81BD8271B9B7A230088D8B1 /* Frameworks */ = {
			isa = PBXFrameworksBuildPhase;
			buildActionMask = 2147483647;
			files = (
			);
			runOnlyForDeploymentPostprocessing = 0;
		};
		D81BD8321B9B7A230088D8B1 /* Frameworks */ = {
			isa = PBXFrameworksBuildPhase;
			buildActionMask = 2147483647;
			files = (
			);
			runOnlyForDeploymentPostprocessing = 0;
		};
/* End PBXFrameworksBuildPhase section */

/* Begin PBXGroup section */
		D81BD80D1B9B7A230088D8B1 = {
			isa = PBXGroup;
			children = (
				D81BD8181B9B7A230088D8B1 /* WIA3_lea_nathan */,
				D81BD82D1B9B7A230088D8B1 /* WIA3_lea_nathanTests */,
				D81BD8381B9B7A230088D8B1 /* WIA3_lea_nathanUITests */,
				D81BD8171B9B7A230088D8B1 /* Products */,
			);
			sourceTree = "<group>";
		};
		D81BD8171B9B7A230088D8B1 /* Products */ = {
			isa = PBXGroup;
			children = (
				D81BD8161B9B7A230088D8B1 /* WIA3_lea_nathan.app */,
				D81BD82A1B9B7A230088D8B1 /* WIA3_lea_nathanTests.xctest */,
				D81BD8351B9B7A230088D8B1 /* WIA3_lea_nathanUITests.xctest */,
			);
			name = Products;
			sourceTree = "<group>";
		};
		D81BD8181B9B7A230088D8B1 /* WIA3_lea_nathan */ = {
			isa = PBXGroup;
			children = (
				D81BD8191B9B7A230088D8B1 /* AppDelegate.swift */,
				D81BD81B1B9B7A230088D8B1 /* ViewController.swift */,
				D81BD81D1B9B7A230088D8B1 /* Main.storyboard */,
				D81BD8201B9B7A230088D8B1 /* Assets.xcassets */,
				D81BD8221B9B7A230088D8B1 /* LaunchScreen.storyboard */,
				D81BD8251B9B7A230088D8B1 /* Info.plist */,
				D898E4F41B9E615000F3EA49 /* CustomView.swift */,
			);
			path = WIA3_lea_nathan;
			sourceTree = "<group>";
		};
		D81BD82D1B9B7A230088D8B1 /* WIA3_lea_nathanTests */ = {
			isa = PBXGroup;
			children = (
				D81BD82E1B9B7A230088D8B1 /* WIA3_lea_nathanTests.swift */,
				D81BD8301B9B7A230088D8B1 /* Info.plist */,
			);
			path = WIA3_lea_nathanTests;
			sourceTree = "<group>";
		};
		D81BD8381B9B7A230088D8B1 /* WIA3_lea_nathanUITests */ = {
			isa = PBXGroup;
			children = (
				D81BD8391B9B7A230088D8B1 /* WIA3_lea_nathanUITests.swift */,
				D81BD83B1B9B7A230088D8B1 /* Info.plist */,
			);
			path = WIA3_lea_nathanUITests;
			sourceTree = "<group>";
		};
/* End PBXGroup section */

/* Begin PBXNativeTarget section */
		D81BD8151B9B7A230088D8B1 /* WIA3_lea_nathan */ = {
			isa = PBXNativeTarget;
			buildConfigurationList = D81BD83E1B9B7A230088D8B1 /* Build configuration list for PBXNativeTarget "WIA3_lea_nathan" */;
			buildPhases = (
				D81BD8121B9B7A230088D8B1 /* Sources */,
				D81BD8131B9B7A230088D8B1 /* Frameworks */,
				D81BD8141B9B7A230088D8B1 /* Resources */,
			);
			buildRules = (
			);
			dependencies = (
			);
			name = WIA3_lea_nathan;
			productName = WIA3_lea_nathan;
			productReference = D81BD8161B9B7A230088D8B1 /* WIA3_lea_nathan.app */;
			productType = "com.apple.product-type.application";
		};
		D81BD8291B9B7A230088D8B1 /* WIA3_lea_nathanTests */ = {
			isa = PBXNativeTarget;
			buildConfigurationList = D81BD8411B9B7A230088D8B1 /* Build configuration list for PBXNativeTarget "WIA3_lea_nathanTests" */;
			buildPhases = (
				D81BD8261B9B7A230088D8B1 /* Sources */,
				D81BD8271B9B7A230088D8B1 /* Frameworks */,
				D81BD8281B9B7A230088D8B1 /* Resources */,
			);
			buildRules = (
			);
			dependencies = (
				D81BD82C1B9B7A230088D8B1 /* PBXTargetDependency */,
			);
			name = WIA3_lea_nathanTests;
			productName = WIA3_lea_nathanTests;
			productReference = D81BD82A1B9B7A230088D8B1 /* WIA3_lea_nathanTests.xctest */;
			productType = "com.apple.product-type.bundle.unit-test";
		};
		D81BD8341B9B7A230088D8B1 /* WIA3_lea_nathanUITests */ = {
			isa = PBXNativeTarget;
			buildConfigurationList = D81BD8441B9B7A230088D8B1 /* Build configuration list for PBXNativeTarget "WIA3_lea_nathanUITests" */;
			buildPhases = (
				D81BD8311B9B7A230088D8B1 /* Sources */,
				D81BD8321B9B7A230088D8B1 /* Frameworks */,
				D81BD8331B9B7A230088D8B1 /* Resources */,
			);
			buildRules = (
			);
			dependencies = (
				D81BD8371B9B7A230088D8B1 /* PBXTargetDependency */,
			);
			name = WIA3_lea_nathanUITests;
			productName = WIA3_lea_nathanUITests;
			productReference = D81BD8351B9B7A230088D8B1 /* WIA3_lea_nathanUITests.xctest */;
			productType = "com.apple.product-type.bundle.ui-testing";
		};
/* End PBXNativeTarget section */

/* Begin PBXProject section */
		D81BD80E1B9B7A230088D8B1 /* Project object */ = {
			isa = PBXProject;
			attributes = {
				LastUpgradeCheck = 0700;
				ORGANIZATIONNAME = Okstate;
				TargetAttributes = {
					D81BD8151B9B7A230088D8B1 = {
						CreatedOnToolsVersion = 7.0;
					};
					D81BD8291B9B7A230088D8B1 = {
						CreatedOnToolsVersion = 7.0;
						TestTargetID = D81BD8151B9B7A230088D8B1;
					};
					D81BD8341B9B7A230088D8B1 = {
						CreatedOnToolsVersion = 7.0;
						TestTargetID = D81BD8151B9B7A230088D8B1;
					};
				};
			};
			buildConfigurationList = D81BD8111B9B7A230088D8B1 /* Build configuration list for PBXProject "WIA3_lea_nathan" */;
			compatibilityVersion = "Xcode 3.2";
			developmentRegion = English;
			hasScannedForEncodings = 0;
			knownRegions = (
				en,
				Base,
			);
			mainGroup = D81BD80D1B9B7A230088D8B1;
			productRefGroup = D81BD8171B9B7A230088D8B1 /* Products */;
			projectDirPath = "";
			projectRoot = "";
			targets = (
				D81BD8151B9B7A230088D8B1 /* WIA3_lea_nathan */,
				D81BD8291B9B7A230088D8B1 /* WIA3_lea_nathanTests */,
				D81BD8341B9B7A230088D8B1 /* WIA3_lea_nathanUITests */,
			);
		};
/* End PBXProject section */

/* Begin PBXResourcesBuildPhase section */
		D81BD8141B9B7A230088D8B1 /* Resources */ = {
			isa = PBXResourcesBuildPhase;
			buildActionMask = 2147483647;
			files = (
				D81BD8241B9B7A230088D8B1 /* LaunchScreen.storyboard in Resources */,
				D81BD8211B9B7A230088D8B1 /* Assets.xcassets in Resources */,
				D81BD81F1B9B7A230088D8B1 /* Main.storyboard in Resources */,
			);
			runOnlyForDeploymentPostprocessing = 0;
		};
		D81BD8281B9B7A230088D8B1 /* Resources */ = {
			isa = PBXResourcesBuildPhase;
			buildActionMask = 2147483647;
			files = (
			);
			runOnlyForDeploymentPostprocessing = 0;
		};
		D81BD8331B9B7A230088D8B1 /* Resources */ = {
			isa = PBXResourcesBuildPhase;
			buildActionMask = 2147483647;
			files = (
			);
			runOnlyForDeploymentPostprocessing = 0;
		};
/* End PBXResourcesBuildPhase section */

/* Begin PBXSourcesBuildPhase section */
		D81BD8121B9B7A230088D8B1 /* Sources */ = {
			isa = PBXSourcesBuildPhase;
			buildActionMask = 2147483647;
			files = (
				D898E4F51B9E615000F3EA49 /* CustomView.swift in Sources */,
				D81BD81C1B9B7A230088D8B1 /* ViewController.swift in Sources */,
				D81BD81A1B9B7A230088D8B1 /* AppDelegate.swift in Sources */,
			);
			runOnlyForDeploymentPostprocessing = 0;
		};
		D81BD8261B9B7A230088D8B1 /* Sources */ = {
			isa = PBXSourcesBuildPhase;
			buildActionMask = 2147483647;
			files = (
				D81BD82F1B9B7A230088D8B1 /* WIA3_lea_nathanTests.swift in Sources */,
			);
			runOnlyForDeploymentPostprocessing = 0;
		};
		D81BD8311B9B7A230088D8B1 /* Sources */ = {
			isa = PBXSourcesBuildPhase;
			buildActionMask = 2147483647;
			files = (
				D81BD83A1B9B7A230088D8B1 /* WIA3_lea_nathanUITests.swift in Sources */,
			);
			runOnlyForDeploymentPostprocessing = 0;
		};
/* End PBXSourcesBuildPhase section */

/* Begin PBXTargetDependency section */
		D81BD82C1B9B7A230088D8B1 /* PBXTargetDependency */ = {
			isa = PBXTargetDependency;
			target = D81BD8151B9B7A230088D8B1 /* WIA3_lea_nathan */;
			targetProxy = D81BD82B1B9B7A230088D8B1 /* PBXContainerItemProxy */;
		};
		D81BD8371B9B7A230088D8B1 /* PBXTargetDependency */ = {
			isa = PBXTargetDependency;
			target = D81BD8151B9B7A230088D8B1 /* WIA3_lea_nathan */;
			targetProxy = D81BD8361B9B7A230088D8B1 /* PBXContainerItemProxy */;
		};
/* End PBXTargetDependency section */

/* Begin PBXVariantGroup section */
		D81BD81D1B9B7A230088D8B1 /* Main.storyboard */ = {
			isa = PBXVariantGroup;
			children = (
				D81BD81E1B9B7A230088D8B1 /* Base */,
			);
			name = Main.storyboard;
			sourceTree = "<group>";
		};
		D81BD8221B9B7A230088D8B1 /* LaunchScreen.storyboard */ = {
			isa = PBXVariantGroup;
			children = (
				D81BD8231B9B7A230088D8B1 /* Base */,
			);
			name = LaunchScreen.storyboard;
			sourceTree = "<group>";
		};
/* End PBXVariantGroup section */

/* Begin XCBuildConfiguration section */
		D81BD83C1B9B7A230088D8B1 /* Debug */ = {
			isa = XCBuildConfiguration;
			buildSettings = {
				ALWAYS_SEARCH_USER_PATHS = NO;
				CLANG_CXX_LANGUAGE_STANDARD = "gnu++0x";
				CLANG_CXX_LIBRARY = "libc++";
				CLANG_ENABLE_MODULES = YES;
				CLANG_ENABLE_OBJC_ARC = YES;
				CLANG_WARN_BOOL_CONVERSION = YES;
				CLANG_WARN_CONSTANT_CONVERSION = YES;
				CLANG_WARN_DIRECT_OBJC_ISA_USAGE = YES_ERROR;
				CLANG_WARN_EMPTY_BODY = YES;
				CLANG_WARN_ENUM_CONVERSION = YES;
				CLANG_WARN_INT_CONVERSION = YES;
				CLANG_WARN_OBJC_ROOT_CLASS = YES_ERROR;
				CLANG_WARN_UNREACHABLE_CODE = YES;
				CLANG_WARN__DUPLICATE_METHOD_MATCH = YES;
				"CODE_SIGN_IDENTITY[sdk=iphoneos*]" = "iPhone Developer";
				COPY_PHASE_STRIP = NO;
				DEBUG_INFORMATION_FORMAT = dwarf;
				ENABLE_STRICT_OBJC_MSGSEND = YES;
				ENABLE_TESTABILITY = YES;
				GCC_C_LANGUAGE_STANDARD = gnu99;
				GCC_DYNAMIC_NO_PIC = NO;
				GCC_NO_COMMON_BLOCKS = YES;
				GCC_OPTIMIZATION_LEVEL = 0;
				GCC_PREPROCESSOR_DEFINITIONS = (
					"DEBUG=1",
					"$(inherited)",
				);
				GCC_WARN_64_TO_32_BIT_CONVERSION = YES;
				GCC_WARN_ABOUT_RETURN_TYPE = YES_ERROR;
				GCC_WARN_UNDECLARED_SELECTOR = YES;
				GCC_WARN_UNINITIALIZED_AUTOS = YES_AGGRESSIVE;
				GCC_WARN_UNUSED_FUNCTION = YES;
				GCC_WARN_UNUSED_VARIABLE = YES;
				IPHONEOS_DEPLOYMENT_TARGET = 9.0;
				MTL_ENABLE_DEBUG_INFO = YES;
				ONLY_ACTIVE_ARCH = YES;
				SDKROOT = iphoneos;
				SWIFT_OPTIMIZATION_LEVEL = "-Onone";
			};
			name = Debug;
		};
		D81BD83D1B9B7A230088D8B1 /* Release */ = {
			isa = XCBuildConfiguration;
			buildSettings = {
				ALWAYS_SEARCH_USER_PATHS = NO;
				CLANG_CXX_LANGUAGE_STANDARD = "gnu++0x";
				CLANG_CXX_LIBRARY = "libc++";
				CLANG_ENABLE_MODULES = YES;
				CLANG_ENABLE_OBJC_ARC = YES;
				CLANG_WARN_BOOL_CONVERSION = YES;
				CLANG_WARN_CONSTANT_CONVERSION = YES;
				CLANG_WARN_DIRECT_OBJC_ISA_USAGE = YES_ERROR;
				CLANG_WARN_EMPTY_BODY = YES;
				CLANG_WARN_ENUM_CONVERSION = YES;
				CLANG_WARN_INT_CONVERSION = YES;
				CLANG_WARN_OBJC_ROOT_CLASS = YES_ERROR;
				CLANG_WARN_UNREACHABLE_CODE = YES;
				CLANG_WARN__DUPLICATE_METHOD_MATCH = YES;
				"CODE_SIGN_IDENTITY[sdk=iphoneos*]" = "iPhone Developer";
				COPY_PHASE_STRIP = NO;
				DEBUG_INFORMATION_FORMAT = "dwarf-with-dsym";
				ENABLE_NS_ASSERTIONS = NO;
				ENABLE_STRICT_OBJC_MSGSEND = YES;
				GCC_C_LANGUAGE_STANDARD = gnu99;
				GCC_NO_COMMON_BLOCKS = YES;
				GCC_WARN_64_TO_32_BIT_CONVERSION = YES;
				GCC_WARN_ABOUT_RETURN_TYPE = YES_ERROR;
				GCC_WARN_UNDECLARED_SELECTOR = YES;
				GCC_WARN_UNINITIALIZED_AUTOS = YES_AGGRESSIVE;
				GCC_WARN_UNUSED_FUNCTION = YES;
				GCC_WARN_UNUSED_VARIABLE = YES;
				IPHONEOS_DEPLOYMENT_TARGET = 9.0;
				MTL_ENABLE_DEBUG_INFO = NO;
				SDKROOT = iphoneos;
				VALIDATE_PRODUCT = YES;
			};
			name = Release;
		};
		D81BD83F1B9B7A230088D8B1 /* Debug */ = {
			isa = XCBuildConfiguration;
			buildSettings = {
				ASSETCATALOG_COMPILER_APPICON_NAME = AppIcon;
				INFOPLIST_FILE = WIA3_lea_nathan/Info.plist;
				LD_RUNPATH_SEARCH_PATHS = "$(inherited) @executable_path/Frameworks";
				PRODUCT_BUNDLE_IDENTIFIER = "CS4153AppDev.WIA3-lea-nathan";
				PRODUCT_NAME = "$(TARGET_NAME)";
			};
			name = Debug;
		};
		D81BD8401B9B7A230088D8B1 /* Release */ = {
			isa = XCBuildConfiguration;
			buildSettings = {
				ASSETCATALOG_COMPILER_APPICON_NAME = AppIcon;
				INFOPLIST_FILE = WIA3_lea_nathan/Info.plist;
				LD_RUNPATH_SEARCH_PATHS = "$(inherited) @executable_path/Frameworks";
				PRODUCT_BUNDLE_IDENTIFIER = "CS4153AppDev.WIA3-lea-nathan";
				PRODUCT_NAME = "$(TARGET_NAME)";
			};
			name = Release;
		};
		D81BD8421B9B7A230088D8B1 /* Debug */ = {
			isa = XCBuildConfiguration;
			buildSettings = {
				BUNDLE_LOADER = "$(TEST_HOST)";
				INFOPLIST_FILE = WIA3_lea_nathanTests/Info.plist;
				LD_RUNPATH_SEARCH_PATHS = "$(inherited) @executable_path/Frameworks @loader_path/Frameworks";
				PRODUCT_BUNDLE_IDENTIFIER = "CS4153AppDev.WIA3-lea-nathanTests";
				PRODUCT_NAME = "$(TARGET_NAME)";
				TEST_HOST = "$(BUILT_PRODUCTS_DIR)/WIA3_lea_nathan.app/WIA3_lea_nathan";
			};
			name = Debug;
		};
		D81BD8431B9B7A230088D8B1 /* Release */ = {
			isa = XCBuildConfiguration;
			buildSettings = {
				BUNDLE_LOADER = "$(TEST_HOST)";
				INFOPLIST_FILE = WIA3_lea_nathanTests/Info.plist;
				LD_RUNPATH_SEARCH_PATHS = "$(inherited) @executable_path/Frameworks @loader_path/Frameworks";
				PRODUCT_BUNDLE_IDENTIFIER = "CS4153AppDev.WIA3-lea-nathanTests";
				PRODUCT_NAME = "$(TARGET_NAME)";
				TEST_HOST = "$(BUILT_PRODUCTS_DIR)/WIA3_lea_nathan.app/WIA3_lea_nathan";
			};
			name = Release;
		};
		D81BD8451B9B7A230088D8B1 /* Debug */ = {
			isa = XCBuildConfiguration;
			buildSettings = {
				INFOPLIST_FILE = WIA3_lea_nathanUITests/Info.plist;
				LD_RUNPATH_SEARCH_PATHS = "$(inherited) @executable_path/Frameworks @loader_path/Frameworks";
				PRODUCT_BUNDLE_IDENTIFIER = "CS4153AppDev.WIA3-lea-nathanUITests";
				PRODUCT_NAME = "$(TARGET_NAME)";
				TEST_TARGET_NAME = WIA3_lea_nathan;
				USES_XCTRUNNER = YES;
			};
			name = Debug;
		};
		D81BD8461B9B7A230088D8B1 /* Release */ = {
			isa = XCBuildConfiguration;
			buildSettings = {
				INFOPLIST_FILE = WIA3_lea_nathanUITests/Info.plist;
				LD_RUNPATH_SEARCH_PATHS = "$(inherited) @executable_path/Frameworks @loader_path/Frameworks";
				PRODUCT_BUNDLE_IDENTIFIER = "CS4153AppDev.WIA3-lea-nathanUITests";
				PRODUCT_NAME = "$(TARGET_NAME)";
				TEST_TARGET_NAME = WIA3_lea_nathan;
				USES_XCTRUNNER = YES;
			};
			name = Release;
		};
/* End XCBuildConfiguration section */

/* Begin XCConfigurationList section */
		D81BD8111B9B7A230088D8B1 /* Build configuration list for PBXProject "WIA3_lea_nathan" */ = {
			isa = XCConfigurationList;
			buildConfigurations = (
				D81BD83C1B9B7A230088D8B1 /* Debug */,
				D81BD83D1B9B7A230088D8B1 /* Release */,
			);
			defaultConfigurationIsVisible = 0;
			defaultConfigurationName = Release;
		};
		D81BD83E1B9B7A230088D8B1 /* Build configuration list for PBXNativeTarget "WIA3_lea_nathan" */ = {
			isa = XCConfigurationList;
			buildConfigurations = (
				D81BD83F1B9B7A230088D8B1 /* Debug */,
				D81BD8401B9B7A230088D8B1 /* Release */,
			);
			defaultConfigurationIsVisible = 0;
			defaultConfigurationName = Release;
		};
		D81BD8411B9B7A230088D8B1 /* Build configuration list for PBXNativeTarget "WIA3_lea_nathanTests" */ = {
			isa = XCConfigurationList;
			buildConfigurations = (
				D81BD8421B9B7A230088D8B1 /* Debug */,
				D81BD8431B9B7A230088D8B1 /* Release */,
			);
			defaultConfigurationIsVisible = 0;
			defaultConfigurationName = Release;
		};
		D81BD8441B9B7A230088D8B1 /* Build configuration list for PBXNativeTarget "WIA3_lea_nathanUITests" */ = {
			isa = XCConfigurationList;
			buildConfigurations = (
				D81BD8451B9B7A230088D8B1 /* Debug */,
				D81BD8461B9B7A230088D8B1 /* Release */,
			);
			defaultConfigurationIsVisible = 0;
			defaultConfigurationName = Release;
		};
/* End XCConfigurationList section */
	};
	rootObject = D81BD80E1B9B7A230088D8B1 /* Project object */;
}
