// !$*UTF8*$!
{
	archiveVersion = 1;
	classes = {
	};
	objectVersion = 46;
	objects = {

/* Begin PBXBuildFile section */
		D87ACF4E1BA65AE20029F69B /* AppDelegate.swift in Sources */ = {isa = PBXBuildFile; fileRef = D87ACF4D1BA65AE20029F69B /* AppDelegate.swift */; };
		D87ACF501BA65AE20029F69B /* ViewController.swift in Sources */ = {isa = PBXBuildFile; fileRef = D87ACF4F1BA65AE20029F69B /* ViewController.swift */; };
		D87ACF531BA65AE20029F69B /* Main.storyboard in Resources */ = {isa = PBXBuildFile; fileRef = D87ACF511BA65AE20029F69B /* Main.storyboard */; };
		D87ACF551BA65AE20029F69B /* Assets.xcassets in Resources */ = {isa = PBXBuildFile; fileRef = D87ACF541BA65AE20029F69B /* Assets.xcassets */; };
		D87ACF581BA65AE20029F69B /* LaunchScreen.storyboard in Resources */ = {isa = PBXBuildFile; fileRef = D87ACF561BA65AE20029F69B /* LaunchScreen.storyboard */; };
		D87ACF631BA65AE20029F69B /* WIA4_Lea_NathanTests.swift in Sources */ = {isa = PBXBuildFile; fileRef = D87ACF621BA65AE20029F69B /* WIA4_Lea_NathanTests.swift */; };
		D87ACF6E1BA65AE20029F69B /* WIA4_Lea_NathanUITests.swift in Sources */ = {isa = PBXBuildFile; fileRef = D87ACF6D1BA65AE20029F69B /* WIA4_Lea_NathanUITests.swift */; };
/* End PBXBuildFile section */

/* Begin PBXContainerItemProxy section */
		D87ACF5F1BA65AE20029F69B /* PBXContainerItemProxy */ = {
			isa = PBXContainerItemProxy;
			containerPortal = D87ACF421BA65AE20029F69B /* Project object */;
			proxyType = 1;
			remoteGlobalIDString = D87ACF491BA65AE20029F69B;
			remoteInfo = WIA4_Lea_Nathan;
		};
		D87ACF6A1BA65AE20029F69B /* PBXContainerItemProxy */ = {
			isa = PBXContainerItemProxy;
			containerPortal = D87ACF421BA65AE20029F69B /* Project object */;
			proxyType = 1;
			remoteGlobalIDString = D87ACF491BA65AE20029F69B;
			remoteInfo = WIA4_Lea_Nathan;
		};
/* End PBXContainerItemProxy section */

/* Begin PBXFileReference section */
		D87ACF4A1BA65AE20029F69B /* WIA4_Lea_Nathan.app */ = {isa = PBXFileReference; explicitFileType = wrapper.application; includeInIndex = 0; path = WIA4_Lea_Nathan.app; sourceTree = BUILT_PRODUCTS_DIR; };
		D87ACF4D1BA65AE20029F69B /* AppDelegate.swift */ = {isa = PBXFileReference; lastKnownFileType = sourcecode.swift; path = AppDelegate.swift; sourceTree = "<group>"; };
		D87ACF4F1BA65AE20029F69B /* ViewController.swift */ = {isa = PBXFileReference; lastKnownFileType = sourcecode.swift; path = ViewController.swift; sourceTree = "<group>"; };
		D87ACF521BA65AE20029F69B /* Base */ = {isa = PBXFileReference; lastKnownFileType = file.storyboard; name = Base; path = Base.lproj/Main.storyboard; sourceTree = "<group>"; };
		D87ACF541BA65AE20029F69B /* Assets.xcassets */ = {isa = PBXFileReference; lastKnownFileType = folder.assetcatalog; path = Assets.xcassets; sourceTree = "<group>"; };
		D87ACF571BA65AE20029F69B /* Base */ = {isa = PBXFileReference; lastKnownFileType = file.storyboard; name = Base; path = Base.lproj/LaunchScreen.storyboard; sourceTree = "<group>"; };
		D87ACF591BA65AE20029F69B /* Info.plist */ = {isa = PBXFileReference; lastKnownFileType = text.plist.xml; path = Info.plist; sourceTree = "<group>"; };
		D87ACF5E1BA65AE20029F69B /* WIA4_Lea_NathanTests.xctest */ = {isa = PBXFileReference; explicitFileType = wrapper.cfbundle; includeInIndex = 0; path = WIA4_Lea_NathanTests.xctest; sourceTree = BUILT_PRODUCTS_DIR; };
		D87ACF621BA65AE20029F69B /* WIA4_Lea_NathanTests.swift */ = {isa = PBXFileReference; lastKnownFileType = sourcecode.swift; path = WIA4_Lea_NathanTests.swift; sourceTree = "<group>"; };
		D87ACF641BA65AE20029F69B /* Info.plist */ = {isa = PBXFileReference; lastKnownFileType = text.plist.xml; path = Info.plist; sourceTree = "<group>"; };
		D87ACF691BA65AE20029F69B /* WIA4_Lea_NathanUITests.xctest */ = {isa = PBXFileReference; explicitFileType = wrapper.cfbundle; includeInIndex = 0; path = WIA4_Lea_NathanUITests.xctest; sourceTree = BUILT_PRODUCTS_DIR; };
		D87ACF6D1BA65AE20029F69B /* WIA4_Lea_NathanUITests.swift */ = {isa = PBXFileReference; lastKnownFileType = sourcecode.swift; path = WIA4_Lea_NathanUITests.swift; sourceTree = "<group>"; };
		D87ACF6F1BA65AE20029F69B /* Info.plist */ = {isa = PBXFileReference; lastKnownFileType = text.plist.xml; path = Info.plist; sourceTree = "<group>"; };
/* End PBXFileReference section */

/* Begin PBXFrameworksBuildPhase section */
		D87ACF471BA65AE20029F69B /* Frameworks */ = {
			isa = PBXFrameworksBuildPhase;
			buildActionMask = 2147483647;
			files = (
			);
			runOnlyForDeploymentPostprocessing = 0;
		};
		D87ACF5B1BA65AE20029F69B /* Frameworks */ = {
			isa = PBXFrameworksBuildPhase;
			buildActionMask = 2147483647;
			files = (
			);
			runOnlyForDeploymentPostprocessing = 0;
		};
		D87ACF661BA65AE20029F69B /* Frameworks */ = {
			isa = PBXFrameworksBuildPhase;
			buildActionMask = 2147483647;
			files = (
			);
			runOnlyForDeploymentPostprocessing = 0;
		};
/* End PBXFrameworksBuildPhase section */

/* Begin PBXGroup section */
		D87ACF411BA65AE20029F69B = {
			isa = PBXGroup;
			children = (
				D87ACF4C1BA65AE20029F69B /* WIA4_Lea_Nathan */,
				D87ACF611BA65AE20029F69B /* WIA4_Lea_NathanTests */,
				D87ACF6C1BA65AE20029F69B /* WIA4_Lea_NathanUITests */,
				D87ACF4B1BA65AE20029F69B /* Products */,
			);
			sourceTree = "<group>";
		};
		D87ACF4B1BA65AE20029F69B /* Products */ = {
			isa = PBXGroup;
			children = (
				D87ACF4A1BA65AE20029F69B /* WIA4_Lea_Nathan.app */,
				D87ACF5E1BA65AE20029F69B /* WIA4_Lea_NathanTests.xctest */,
				D87ACF691BA65AE20029F69B /* WIA4_Lea_NathanUITests.xctest */,
			);
			name = Products;
			sourceTree = "<group>";
		};
		D87ACF4C1BA65AE20029F69B /* WIA4_Lea_Nathan */ = {
			isa = PBXGroup;
			children = (
				D87ACF4D1BA65AE20029F69B /* AppDelegate.swift */,
				D87ACF4F1BA65AE20029F69B /* ViewController.swift */,
				D87ACF511BA65AE20029F69B /* Main.storyboard */,
				D87ACF541BA65AE20029F69B /* Assets.xcassets */,
				D87ACF561BA65AE20029F69B /* LaunchScreen.storyboard */,
				D87ACF591BA65AE20029F69B /* Info.plist */,
			);
			path = WIA4_Lea_Nathan;
			sourceTree = "<group>";
		};
		D87ACF611BA65AE20029F69B /* WIA4_Lea_NathanTests */ = {
			isa = PBXGroup;
			children = (
				D87ACF621BA65AE20029F69B /* WIA4_Lea_NathanTests.swift */,
				D87ACF641BA65AE20029F69B /* Info.plist */,
			);
			path = WIA4_Lea_NathanTests;
			sourceTree = "<group>";
		};
		D87ACF6C1BA65AE20029F69B /* WIA4_Lea_NathanUITests */ = {
			isa = PBXGroup;
			children = (
				D87ACF6D1BA65AE20029F69B /* WIA4_Lea_NathanUITests.swift */,
				D87ACF6F1BA65AE20029F69B /* Info.plist */,
			);
			path = WIA4_Lea_NathanUITests;
			sourceTree = "<group>";
		};
/* End PBXGroup section */

/* Begin PBXNativeTarget section */
		D87ACF491BA65AE20029F69B /* WIA4_Lea_Nathan */ = {
			isa = PBXNativeTarget;
			buildConfigurationList = D87ACF721BA65AE20029F69B /* Build configuration list for PBXNativeTarget "WIA4_Lea_Nathan" */;
			buildPhases = (
				D87ACF461BA65AE20029F69B /* Sources */,
				D87ACF471BA65AE20029F69B /* Frameworks */,
				D87ACF481BA65AE20029F69B /* Resources */,
			);
			buildRules = (
			);
			dependencies = (
			);
			name = WIA4_Lea_Nathan;
			productName = WIA4_Lea_Nathan;
			productReference = D87ACF4A1BA65AE20029F69B /* WIA4_Lea_Nathan.app */;
			productType = "com.apple.product-type.application";
		};
		D87ACF5D1BA65AE20029F69B /* WIA4_Lea_NathanTests */ = {
			isa = PBXNativeTarget;
			buildConfigurationList = D87ACF751BA65AE20029F69B /* Build configuration list for PBXNativeTarget "WIA4_Lea_NathanTests" */;
			buildPhases = (
				D87ACF5A1BA65AE20029F69B /* Sources */,
				D87ACF5B1BA65AE20029F69B /* Frameworks */,
				D87ACF5C1BA65AE20029F69B /* Resources */,
			);
			buildRules = (
			);
			dependencies = (
				D87ACF601BA65AE20029F69B /* PBXTargetDependency */,
			);
			name = WIA4_Lea_NathanTests;
			productName = WIA4_Lea_NathanTests;
			productReference = D87ACF5E1BA65AE20029F69B /* WIA4_Lea_NathanTests.xctest */;
			productType = "com.apple.product-type.bundle.unit-test";
		};
		D87ACF681BA65AE20029F69B /* WIA4_Lea_NathanUITests */ = {
			isa = PBXNativeTarget;
			buildConfigurationList = D87ACF781BA65AE20029F69B /* Build configuration list for PBXNativeTarget "WIA4_Lea_NathanUITests" */;
			buildPhases = (
				D87ACF651BA65AE20029F69B /* Sources */,
				D87ACF661BA65AE20029F69B /* Frameworks */,
				D87ACF671BA65AE20029F69B /* Resources */,
			);
			buildRules = (
			);
			dependencies = (
				D87ACF6B1BA65AE20029F69B /* PBXTargetDependency */,
			);
			name = WIA4_Lea_NathanUITests;
			productName = WIA4_Lea_NathanUITests;
			productReference = D87ACF691BA65AE20029F69B /* WIA4_Lea_NathanUITests.xctest */;
			productType = "com.apple.product-type.bundle.ui-testing";
		};
/* End PBXNativeTarget section */

/* Begin PBXProject section */
		D87ACF421BA65AE20029F69B /* Project object */ = {
			isa = PBXProject;
			attributes = {
				LastUpgradeCheck = 0700;
				ORGANIZATIONNAME = Okstate;
				TargetAttributes = {
					D87ACF491BA65AE20029F69B = {
						CreatedOnToolsVersion = 7.0;
					};
					D87ACF5D1BA65AE20029F69B = {
						CreatedOnToolsVersion = 7.0;
						TestTargetID = D87ACF491BA65AE20029F69B;
					};
					D87ACF681BA65AE20029F69B = {
						CreatedOnToolsVersion = 7.0;
						TestTargetID = D87ACF491BA65AE20029F69B;
					};
				};
			};
			buildConfigurationList = D87ACF451BA65AE20029F69B /* Build configuration list for PBXProject "WIA4_Lea_Nathan" */;
			compatibilityVersion = "Xcode 3.2";
			developmentRegion = English;
			hasScannedForEncodings = 0;
			knownRegions = (
				en,
				Base,
			);
			mainGroup = D87ACF411BA65AE20029F69B;
			productRefGroup = D87ACF4B1BA65AE20029F69B /* Products */;
			projectDirPath = "";
			projectRoot = "";
			targets = (
				D87ACF491BA65AE20029F69B /* WIA4_Lea_Nathan */,
				D87ACF5D1BA65AE20029F69B /* WIA4_Lea_NathanTests */,
				D87ACF681BA65AE20029F69B /* WIA4_Lea_NathanUITests */,
			);
		};
/* End PBXProject section */

/* Begin PBXResourcesBuildPhase section */
		D87ACF481BA65AE20029F69B /* Resources */ = {
			isa = PBXResourcesBuildPhase;
			buildActionMask = 2147483647;
			files = (
				D87ACF581BA65AE20029F69B /* LaunchScreen.storyboard in Resources */,
				D87ACF551BA65AE20029F69B /* Assets.xcassets in Resources */,
				D87ACF531BA65AE20029F69B /* Main.storyboard in Resources */,
			);
			runOnlyForDeploymentPostprocessing = 0;
		};
		D87ACF5C1BA65AE20029F69B /* Resources */ = {
			isa = PBXResourcesBuildPhase;
			buildActionMask = 2147483647;
			files = (
			);
			runOnlyForDeploymentPostprocessing = 0;
		};
		D87ACF671BA65AE20029F69B /* Resources */ = {
			isa = PBXResourcesBuildPhase;
			buildActionMask = 2147483647;
			files = (
			);
			runOnlyForDeploymentPostprocessing = 0;
		};
/* End PBXResourcesBuildPhase section */

/* Begin PBXSourcesBuildPhase section */
		D87ACF461BA65AE20029F69B /* Sources */ = {
			isa = PBXSourcesBuildPhase;
			buildActionMask = 2147483647;
			files = (
				D87ACF501BA65AE20029F69B /* ViewController.swift in Sources */,
				D87ACF4E1BA65AE20029F69B /* AppDelegate.swift in Sources */,
			);
			runOnlyForDeploymentPostprocessing = 0;
		};
		D87ACF5A1BA65AE20029F69B /* Sources */ = {
			isa = PBXSourcesBuildPhase;
			buildActionMask = 2147483647;
			files = (
				D87ACF631BA65AE20029F69B /* WIA4_Lea_NathanTests.swift in Sources */,
			);
			runOnlyForDeploymentPostprocessing = 0;
		};
		D87ACF651BA65AE20029F69B /* Sources */ = {
			isa = PBXSourcesBuildPhase;
			buildActionMask = 2147483647;
			files = (
				D87ACF6E1BA65AE20029F69B /* WIA4_Lea_NathanUITests.swift in Sources */,
			);
			runOnlyForDeploymentPostprocessing = 0;
		};
/* End PBXSourcesBuildPhase section */

/* Begin PBXTargetDependency section */
		D87ACF601BA65AE20029F69B /* PBXTargetDependency */ = {
			isa = PBXTargetDependency;
			target = D87ACF491BA65AE20029F69B /* WIA4_Lea_Nathan */;
			targetProxy = D87ACF5F1BA65AE20029F69B /* PBXContainerItemProxy */;
		};
		D87ACF6B1BA65AE20029F69B /* PBXTargetDependency */ = {
			isa = PBXTargetDependency;
			target = D87ACF491BA65AE20029F69B /* WIA4_Lea_Nathan */;
			targetProxy = D87ACF6A1BA65AE20029F69B /* PBXContainerItemProxy */;
		};
/* End PBXTargetDependency section */

/* Begin PBXVariantGroup section */
		D87ACF511BA65AE20029F69B /* Main.storyboard */ = {
			isa = PBXVariantGroup;
			children = (
				D87ACF521BA65AE20029F69B /* Base */,
			);
			name = Main.storyboard;
			sourceTree = "<group>";
		};
		D87ACF561BA65AE20029F69B /* LaunchScreen.storyboard */ = {
			isa = PBXVariantGroup;
			children = (
				D87ACF571BA65AE20029F69B /* Base */,
			);
			name = LaunchScreen.storyboard;
			sourceTree = "<group>";
		};
/* End PBXVariantGroup section */

/* Begin XCBuildConfiguration section */
		D87ACF701BA65AE20029F69B /* Debug */ = {
			isa = XCBuildConfiguration;
			buildSettings = {
				ALWAYS_SEARCH_USER_PATHS = NO;
				CLANG_CXX_LANGUAGE_STANDARD = "gnu++0x";
				CLANG_CXX_LIBRARY = "libc++";
				CLANG_ENABLE_MODULES = YES;
				CLANG_ENABLE_OBJC_ARC = YES;
				CLANG_WARN_BOOL_CONVERSION = YES;
				CLANG_WARN_CONSTANT_CONVERSION = YES;
				CLANG_WARN_DIRECT_OBJC_ISA_USAGE = YES_ERROR;
				CLANG_WARN_EMPTY_BODY = YES;
				CLANG_WARN_ENUM_CONVERSION = YES;
				CLANG_WARN_INT_CONVERSION = YES;
				CLANG_WARN_OBJC_ROOT_CLASS = YES_ERROR;
				CLANG_WARN_UNREACHABLE_CODE = YES;
				CLANG_WARN__DUPLICATE_METHOD_MATCH = YES;
				"CODE_SIGN_IDENTITY[sdk=iphoneos*]" = "iPhone Developer";
				COPY_PHASE_STRIP = NO;
				DEBUG_INFORMATION_FORMAT = dwarf;
				ENABLE_STRICT_OBJC_MSGSEND = YES;
				ENABLE_TESTABILITY = YES;
				GCC_C_LANGUAGE_STANDARD = gnu99;
				GCC_DYNAMIC_NO_PIC = NO;
				GCC_NO_COMMON_BLOCKS = YES;
				GCC_OPTIMIZATION_LEVEL = 0;
				GCC_PREPROCESSOR_DEFINITIONS = (
					"DEBUG=1",
					"$(inherited)",
				);
				GCC_WARN_64_TO_32_BIT_CONVERSION = YES;
				GCC_WARN_ABOUT_RETURN_TYPE = YES_ERROR;
				GCC_WARN_UNDECLARED_SELECTOR = YES;
				GCC_WARN_UNINITIALIZED_AUTOS = YES_AGGRESSIVE;
				GCC_WARN_UNUSED_FUNCTION = YES;
				GCC_WARN_UNUSED_VARIABLE = YES;
				IPHONEOS_DEPLOYMENT_TARGET = 9.0;
				MTL_ENABLE_DEBUG_INFO = YES;
				ONLY_ACTIVE_ARCH = YES;
				SDKROOT = iphoneos;
				SWIFT_OPTIMIZATION_LEVEL = "-Onone";
			};
			name = Debug;
		};
		D87ACF711BA65AE20029F69B /* Release */ = {
			isa = XCBuildConfiguration;
			buildSettings = {
				ALWAYS_SEARCH_USER_PATHS = NO;
				CLANG_CXX_LANGUAGE_STANDARD = "gnu++0x";
				CLANG_CXX_LIBRARY = "libc++";
				CLANG_ENABLE_MODULES = YES;
				CLANG_ENABLE_OBJC_ARC = YES;
				CLANG_WARN_BOOL_CONVERSION = YES;
				CLANG_WARN_CONSTANT_CONVERSION = YES;
				CLANG_WARN_DIRECT_OBJC_ISA_USAGE = YES_ERROR;
				CLANG_WARN_EMPTY_BODY = YES;
				CLANG_WARN_ENUM_CONVERSION = YES;
				CLANG_WARN_INT_CONVERSION = YES;
				CLANG_WARN_OBJC_ROOT_CLASS = YES_ERROR;
				CLANG_WARN_UNREACHABLE_CODE = YES;
				CLANG_WARN__DUPLICATE_METHOD_MATCH = YES;
				"CODE_SIGN_IDENTITY[sdk=iphoneos*]" = "iPhone Developer";
				COPY_PHASE_STRIP = NO;
				DEBUG_INFORMATION_FORMAT = "dwarf-with-dsym";
				ENABLE_NS_ASSERTIONS = NO;
				ENABLE_STRICT_OBJC_MSGSEND = YES;
				GCC_C_LANGUAGE_STANDARD = gnu99;
				GCC_NO_COMMON_BLOCKS = YES;
				GCC_WARN_64_TO_32_BIT_CONVERSION = YES;
				GCC_WARN_ABOUT_RETURN_TYPE = YES_ERROR;
				GCC_WARN_UNDECLARED_SELECTOR = YES;
				GCC_WARN_UNINITIALIZED_AUTOS = YES_AGGRESSIVE;
				GCC_WARN_UNUSED_FUNCTION = YES;
				GCC_WARN_UNUSED_VARIABLE = YES;
				IPHONEOS_DEPLOYMENT_TARGET = 9.0;
				MTL_ENABLE_DEBUG_INFO = NO;
				SDKROOT = iphoneos;
				VALIDATE_PRODUCT = YES;
			};
			name = Release;
		};
		D87ACF731BA65AE20029F69B /* Debug */ = {
			isa = XCBuildConfiguration;
			buildSettings = {
				ASSETCATALOG_COMPILER_APPICON_NAME = AppIcon;
				INFOPLIST_FILE = WIA4_Lea_Nathan/Info.plist;
				LD_RUNPATH_SEARCH_PATHS = "$(inherited) @executable_path/Frameworks";
				PRODUCT_BUNDLE_IDENTIFIER = "CS4153AppDev.WIA4-Lea-Nathan";
				PRODUCT_NAME = "$(TARGET_NAME)";
			};
			name = Debug;
		};
		D87ACF741BA65AE20029F69B /* Release */ = {
			isa = XCBuildConfiguration;
			buildSettings = {
				ASSETCATALOG_COMPILER_APPICON_NAME = AppIcon;
				INFOPLIST_FILE = WIA4_Lea_Nathan/Info.plist;
				LD_RUNPATH_SEARCH_PATHS = "$(inherited) @executable_path/Frameworks";
				PRODUCT_BUNDLE_IDENTIFIER = "CS4153AppDev.WIA4-Lea-Nathan";
				PRODUCT_NAME = "$(TARGET_NAME)";
			};
			name = Release;
		};
		D87ACF761BA65AE20029F69B /* Debug */ = {
			isa = XCBuildConfiguration;
			buildSettings = {
				BUNDLE_LOADER = "$(TEST_HOST)";
				INFOPLIST_FILE = WIA4_Lea_NathanTests/Info.plist;
				LD_RUNPATH_SEARCH_PATHS = "$(inherited) @executable_path/Frameworks @loader_path/Frameworks";
				PRODUCT_BUNDLE_IDENTIFIER = "CS4153AppDev.WIA4-Lea-NathanTests";
				PRODUCT_NAME = "$(TARGET_NAME)";
				TEST_HOST = "$(BUILT_PRODUCTS_DIR)/WIA4_Lea_Nathan.app/WIA4_Lea_Nathan";
			};
			name = Debug;
		};
		D87ACF771BA65AE20029F69B /* Release */ = {
			isa = XCBuildConfiguration;
			buildSettings = {
				BUNDLE_LOADER = "$(TEST_HOST)";
				INFOPLIST_FILE = WIA4_Lea_NathanTests/Info.plist;
				LD_RUNPATH_SEARCH_PATHS = "$(inherited) @executable_path/Frameworks @loader_path/Frameworks";
				PRODUCT_BUNDLE_IDENTIFIER = "CS4153AppDev.WIA4-Lea-NathanTests";
				PRODUCT_NAME = "$(TARGET_NAME)";
				TEST_HOST = "$(BUILT_PRODUCTS_DIR)/WIA4_Lea_Nathan.app/WIA4_Lea_Nathan";
			};
			name = Release;
		};
		D87ACF791BA65AE20029F69B /* Debug */ = {
			isa = XCBuildConfiguration;
			buildSettings = {
				INFOPLIST_FILE = WIA4_Lea_NathanUITests/Info.plist;
				LD_RUNPATH_SEARCH_PATHS = "$(inherited) @executable_path/Frameworks @loader_path/Frameworks";
				PRODUCT_BUNDLE_IDENTIFIER = "CS4153AppDev.WIA4-Lea-NathanUITests";
				PRODUCT_NAME = "$(TARGET_NAME)";
				TEST_TARGET_NAME = WIA4_Lea_Nathan;
				USES_XCTRUNNER = YES;
			};
			name = Debug;
		};
		D87ACF7A1BA65AE20029F69B /* Release */ = {
			isa = XCBuildConfiguration;
			buildSettings = {
				INFOPLIST_FILE = WIA4_Lea_NathanUITests/Info.plist;
				LD_RUNPATH_SEARCH_PATHS = "$(inherited) @executable_path/Frameworks @loader_path/Frameworks";
				PRODUCT_BUNDLE_IDENTIFIER = "CS4153AppDev.WIA4-Lea-NathanUITests";
				PRODUCT_NAME = "$(TARGET_NAME)";
				TEST_TARGET_NAME = WIA4_Lea_Nathan;
				USES_XCTRUNNER = YES;
			};
			name = Release;
		};
/* End XCBuildConfiguration section */

/* Begin XCConfigurationList section */
		D87ACF451BA65AE20029F69B /* Build configuration list for PBXProject "WIA4_Lea_Nathan" */ = {
			isa = XCConfigurationList;
			buildConfigurations = (
				D87ACF701BA65AE20029F69B /* Debug */,
				D87ACF711BA65AE20029F69B /* Release */,
			);
			defaultConfigurationIsVisible = 0;
			defaultConfigurationName = Release;
		};
		D87ACF721BA65AE20029F69B /* Build configuration list for PBXNativeTarget "WIA4_Lea_Nathan" */ = {
			isa = XCConfigurationList;
			buildConfigurations = (
				D87ACF731BA65AE20029F69B /* Debug */,
				D87ACF741BA65AE20029F69B /* Release */,
			);
			defaultConfigurationIsVisible = 0;
		};
		D87ACF751BA65AE20029F69B /* Build configuration list for PBXNativeTarget "WIA4_Lea_NathanTests" */ = {
			isa = XCConfigurationList;
			buildConfigurations = (
				D87ACF761BA65AE20029F69B /* Debug */,
				D87ACF771BA65AE20029F69B /* Release */,
			);
			defaultConfigurationIsVisible = 0;
		};
		D87ACF781BA65AE20029F69B /* Build configuration list for PBXNativeTarget "WIA4_Lea_NathanUITests" */ = {
			isa = XCConfigurationList;
			buildConfigurations = (
				D87ACF791BA65AE20029F69B /* Debug */,
				D87ACF7A1BA65AE20029F69B /* Release */,
			);
			defaultConfigurationIsVisible = 0;
		};
/* End XCConfigurationList section */
	};
	rootObject = D87ACF421BA65AE20029F69B /* Project object */;
}
