// !$*UTF8*$!
{
	archiveVersion = 1;
	classes = {
	};
	objectVersion = 46;
	objects = {

/* Begin PBXBuildFile section */
		0E66FD311B8A5F57008C3D0B /* AppDelegate.swift in Sources */ = {isa = PBXBuildFile; fileRef = 0E66FD301B8A5F57008C3D0B /* AppDelegate.swift */; };
		0E66FD331B8A5F57008C3D0B /* ViewController.swift in Sources */ = {isa = PBXBuildFile; fileRef = 0E66FD321B8A5F57008C3D0B /* ViewController.swift */; };
		0E66FD361B8A5F57008C3D0B /* Main.storyboard in Resources */ = {isa = PBXBuildFile; fileRef = 0E66FD341B8A5F57008C3D0B /* Main.storyboard */; };
		0E66FD381B8A5F57008C3D0B /* Assets.xcassets in Resources */ = {isa = PBXBuildFile; fileRef = 0E66FD371B8A5F57008C3D0B /* Assets.xcassets */; };
		0E66FD3B1B8A5F57008C3D0B /* LaunchScreen.storyboard in Resources */ = {isa = PBXBuildFile; fileRef = 0E66FD391B8A5F57008C3D0B /* LaunchScreen.storyboard */; };
		0E66FD461B8A5F57008C3D0B /* WIA1_Lea_NathanTests.swift in Sources */ = {isa = PBXBuildFile; fileRef = 0E66FD451B8A5F57008C3D0B /* WIA1_Lea_NathanTests.swift */; };
		0E66FD511B8A5F57008C3D0B /* WIA1_Lea_NathanUITests.swift in Sources */ = {isa = PBXBuildFile; fileRef = 0E66FD501B8A5F57008C3D0B /* WIA1_Lea_NathanUITests.swift */; };
/* End PBXBuildFile section */

/* Begin PBXContainerItemProxy section */
		0E66FD421B8A5F57008C3D0B /* PBXContainerItemProxy */ = {
			isa = PBXContainerItemProxy;
			containerPortal = 0E66FD251B8A5F57008C3D0B /* Project object */;
			proxyType = 1;
			remoteGlobalIDString = 0E66FD2C1B8A5F57008C3D0B;
			remoteInfo = WIA1_Lea_Nathan;
		};
		0E66FD4D1B8A5F57008C3D0B /* PBXContainerItemProxy */ = {
			isa = PBXContainerItemProxy;
			containerPortal = 0E66FD251B8A5F57008C3D0B /* Project object */;
			proxyType = 1;
			remoteGlobalIDString = 0E66FD2C1B8A5F57008C3D0B;
			remoteInfo = WIA1_Lea_Nathan;
		};
/* End PBXContainerItemProxy section */

/* Begin PBXFileReference section */
		0E66FD2D1B8A5F57008C3D0B /* WIA1_Lea_Nathan.app */ = {isa = PBXFileReference; explicitFileType = wrapper.application; includeInIndex = 0; path = WIA1_Lea_Nathan.app; sourceTree = BUILT_PRODUCTS_DIR; };
		0E66FD301B8A5F57008C3D0B /* AppDelegate.swift */ = {isa = PBXFileReference; lastKnownFileType = sourcecode.swift; path = AppDelegate.swift; sourceTree = "<group>"; };
		0E66FD321B8A5F57008C3D0B /* ViewController.swift */ = {isa = PBXFileReference; lastKnownFileType = sourcecode.swift; path = ViewController.swift; sourceTree = "<group>"; };
		0E66FD351B8A5F57008C3D0B /* Base */ = {isa = PBXFileReference; lastKnownFileType = file.storyboard; name = Base; path = Base.lproj/Main.storyboard; sourceTree = "<group>"; };
		0E66FD371B8A5F57008C3D0B /* Assets.xcassets */ = {isa = PBXFileReference; lastKnownFileType = folder.assetcatalog; path = Assets.xcassets; sourceTree = "<group>"; };
		0E66FD3A1B8A5F57008C3D0B /* Base */ = {isa = PBXFileReference; lastKnownFileType = file.storyboard; name = Base; path = Base.lproj/LaunchScreen.storyboard; sourceTree = "<group>"; };
		0E66FD3C1B8A5F57008C3D0B /* Info.plist */ = {isa = PBXFileReference; lastKnownFileType = text.plist.xml; path = Info.plist; sourceTree = "<group>"; };
		0E66FD411B8A5F57008C3D0B /* WIA1_Lea_NathanTests.xctest */ = {isa = PBXFileReference; explicitFileType = wrapper.cfbundle; includeInIndex = 0; path = WIA1_Lea_NathanTests.xctest; sourceTree = BUILT_PRODUCTS_DIR; };
		0E66FD451B8A5F57008C3D0B /* WIA1_Lea_NathanTests.swift */ = {isa = PBXFileReference; lastKnownFileType = sourcecode.swift; path = WIA1_Lea_NathanTests.swift; sourceTree = "<group>"; };
		0E66FD471B8A5F57008C3D0B /* Info.plist */ = {isa = PBXFileReference; lastKnownFileType = text.plist.xml; path = Info.plist; sourceTree = "<group>"; };
		0E66FD4C1B8A5F57008C3D0B /* WIA1_Lea_NathanUITests.xctest */ = {isa = PBXFileReference; explicitFileType = wrapper.cfbundle; includeInIndex = 0; path = WIA1_Lea_NathanUITests.xctest; sourceTree = BUILT_PRODUCTS_DIR; };
		0E66FD501B8A5F57008C3D0B /* WIA1_Lea_NathanUITests.swift */ = {isa = PBXFileReference; lastKnownFileType = sourcecode.swift; path = WIA1_Lea_NathanUITests.swift; sourceTree = "<group>"; };
		0E66FD521B8A5F57008C3D0B /* Info.plist */ = {isa = PBXFileReference; lastKnownFileType = text.plist.xml; path = Info.plist; sourceTree = "<group>"; };
/* End PBXFileReference section */

/* Begin PBXFrameworksBuildPhase section */
		0E66FD2A1B8A5F57008C3D0B /* Frameworks */ = {
			isa = PBXFrameworksBuildPhase;
			buildActionMask = 2147483647;
			files = (
			);
			runOnlyForDeploymentPostprocessing = 0;
		};
		0E66FD3E1B8A5F57008C3D0B /* Frameworks */ = {
			isa = PBXFrameworksBuildPhase;
			buildActionMask = 2147483647;
			files = (
			);
			runOnlyForDeploymentPostprocessing = 0;
		};
		0E66FD491B8A5F57008C3D0B /* Frameworks */ = {
			isa = PBXFrameworksBuildPhase;
			buildActionMask = 2147483647;
			files = (
			);
			runOnlyForDeploymentPostprocessing = 0;
		};
/* End PBXFrameworksBuildPhase section */

/* Begin PBXGroup section */
		0E66FD241B8A5F57008C3D0B = {
			isa = PBXGroup;
			children = (
				0E66FD2F1B8A5F57008C3D0B /* WIA1_Lea_Nathan */,
				0E66FD441B8A5F57008C3D0B /* WIA1_Lea_NathanTests */,
				0E66FD4F1B8A5F57008C3D0B /* WIA1_Lea_NathanUITests */,
				0E66FD2E1B8A5F57008C3D0B /* Products */,
			);
			sourceTree = "<group>";
		};
		0E66FD2E1B8A5F57008C3D0B /* Products */ = {
			isa = PBXGroup;
			children = (
				0E66FD2D1B8A5F57008C3D0B /* WIA1_Lea_Nathan.app */,
				0E66FD411B8A5F57008C3D0B /* WIA1_Lea_NathanTests.xctest */,
				0E66FD4C1B8A5F57008C3D0B /* WIA1_Lea_NathanUITests.xctest */,
			);
			name = Products;
			sourceTree = "<group>";
		};
		0E66FD2F1B8A5F57008C3D0B /* WIA1_Lea_Nathan */ = {
			isa = PBXGroup;
			children = (
				0E66FD301B8A5F57008C3D0B /* AppDelegate.swift */,
				0E66FD321B8A5F57008C3D0B /* ViewController.swift */,
				0E66FD341B8A5F57008C3D0B /* Main.storyboard */,
				0E66FD371B8A5F57008C3D0B /* Assets.xcassets */,
				0E66FD391B8A5F57008C3D0B /* LaunchScreen.storyboard */,
				0E66FD3C1B8A5F57008C3D0B /* Info.plist */,
			);
			path = WIA1_Lea_Nathan;
			sourceTree = "<group>";
		};
		0E66FD441B8A5F57008C3D0B /* WIA1_Lea_NathanTests */ = {
			isa = PBXGroup;
			children = (
				0E66FD451B8A5F57008C3D0B /* WIA1_Lea_NathanTests.swift */,
				0E66FD471B8A5F57008C3D0B /* Info.plist */,
			);
			path = WIA1_Lea_NathanTests;
			sourceTree = "<group>";
		};
		0E66FD4F1B8A5F57008C3D0B /* WIA1_Lea_NathanUITests */ = {
			isa = PBXGroup;
			children = (
				0E66FD501B8A5F57008C3D0B /* WIA1_Lea_NathanUITests.swift */,
				0E66FD521B8A5F57008C3D0B /* Info.plist */,
			);
			path = WIA1_Lea_NathanUITests;
			sourceTree = "<group>";
		};
/* End PBXGroup section */

/* Begin PBXNativeTarget section */
		0E66FD2C1B8A5F57008C3D0B /* WIA1_Lea_Nathan */ = {
			isa = PBXNativeTarget;
			buildConfigurationList = 0E66FD551B8A5F57008C3D0B /* Build configuration list for PBXNativeTarget "WIA1_Lea_Nathan" */;
			buildPhases = (
				0E66FD291B8A5F57008C3D0B /* Sources */,
				0E66FD2A1B8A5F57008C3D0B /* Frameworks */,
				0E66FD2B1B8A5F57008C3D0B /* Resources */,
			);
			buildRules = (
			);
			dependencies = (
			);
			name = WIA1_Lea_Nathan;
			productName = WIA1_Lea_Nathan;
			productReference = 0E66FD2D1B8A5F57008C3D0B /* WIA1_Lea_Nathan.app */;
			productType = "com.apple.product-type.application";
		};
		0E66FD401B8A5F57008C3D0B /* WIA1_Lea_NathanTests */ = {
			isa = PBXNativeTarget;
			buildConfigurationList = 0E66FD581B8A5F57008C3D0B /* Build configuration list for PBXNativeTarget "WIA1_Lea_NathanTests" */;
			buildPhases = (
				0E66FD3D1B8A5F57008C3D0B /* Sources */,
				0E66FD3E1B8A5F57008C3D0B /* Frameworks */,
				0E66FD3F1B8A5F57008C3D0B /* Resources */,
			);
			buildRules = (
			);
			dependencies = (
				0E66FD431B8A5F57008C3D0B /* PBXTargetDependency */,
			);
			name = WIA1_Lea_NathanTests;
			productName = WIA1_Lea_NathanTests;
			productReference = 0E66FD411B8A5F57008C3D0B /* WIA1_Lea_NathanTests.xctest */;
			productType = "com.apple.product-type.bundle.unit-test";
		};
		0E66FD4B1B8A5F57008C3D0B /* WIA1_Lea_NathanUITests */ = {
			isa = PBXNativeTarget;
			buildConfigurationList = 0E66FD5B1B8A5F57008C3D0B /* Build configuration list for PBXNativeTarget "WIA1_Lea_NathanUITests" */;
			buildPhases = (
				0E66FD481B8A5F57008C3D0B /* Sources */,
				0E66FD491B8A5F57008C3D0B /* Frameworks */,
				0E66FD4A1B8A5F57008C3D0B /* Resources */,
			);
			buildRules = (
			);
			dependencies = (
				0E66FD4E1B8A5F57008C3D0B /* PBXTargetDependency */,
			);
			name = WIA1_Lea_NathanUITests;
			productName = WIA1_Lea_NathanUITests;
			productReference = 0E66FD4C1B8A5F57008C3D0B /* WIA1_Lea_NathanUITests.xctest */;
			productType = "com.apple.product-type.bundle.ui-testing";
		};
/* End PBXNativeTarget section */

/* Begin PBXProject section */
		0E66FD251B8A5F57008C3D0B /* Project object */ = {
			isa = PBXProject;
			attributes = {
				LastUpgradeCheck = 0700;
				ORGANIZATIONNAME = "LEA NATHAN H";
				TargetAttributes = {
					0E66FD2C1B8A5F57008C3D0B = {
						CreatedOnToolsVersion = 7.0;
					};
					0E66FD401B8A5F57008C3D0B = {
						CreatedOnToolsVersion = 7.0;
						TestTargetID = 0E66FD2C1B8A5F57008C3D0B;
					};
					0E66FD4B1B8A5F57008C3D0B = {
						CreatedOnToolsVersion = 7.0;
						TestTargetID = 0E66FD2C1B8A5F57008C3D0B;
					};
				};
			};
			buildConfigurationList = 0E66FD281B8A5F57008C3D0B /* Build configuration list for PBXProject "WIA1_Lea_Nathan" */;
			compatibilityVersion = "Xcode 3.2";
			developmentRegion = English;
			hasScannedForEncodings = 0;
			knownRegions = (
				en,
				Base,
			);
			mainGroup = 0E66FD241B8A5F57008C3D0B;
			productRefGroup = 0E66FD2E1B8A5F57008C3D0B /* Products */;
			projectDirPath = "";
			projectRoot = "";
			targets = (
				0E66FD2C1B8A5F57008C3D0B /* WIA1_Lea_Nathan */,
				0E66FD401B8A5F57008C3D0B /* WIA1_Lea_NathanTests */,
				0E66FD4B1B8A5F57008C3D0B /* WIA1_Lea_NathanUITests */,
			);
		};
/* End PBXProject section */

/* Begin PBXResourcesBuildPhase section */
		0E66FD2B1B8A5F57008C3D0B /* Resources */ = {
			isa = PBXResourcesBuildPhase;
			buildActionMask = 2147483647;
			files = (
				0E66FD3B1B8A5F57008C3D0B /* LaunchScreen.storyboard in Resources */,
				0E66FD381B8A5F57008C3D0B /* Assets.xcassets in Resources */,
				0E66FD361B8A5F57008C3D0B /* Main.storyboard in Resources */,
			);
			runOnlyForDeploymentPostprocessing = 0;
		};
		0E66FD3F1B8A5F57008C3D0B /* Resources */ = {
			isa = PBXResourcesBuildPhase;
			buildActionMask = 2147483647;
			files = (
			);
			runOnlyForDeploymentPostprocessing = 0;
		};
		0E66FD4A1B8A5F57008C3D0B /* Resources */ = {
			isa = PBXResourcesBuildPhase;
			buildActionMask = 2147483647;
			files = (
			);
			runOnlyForDeploymentPostprocessing = 0;
		};
/* End PBXResourcesBuildPhase section */

/* Begin PBXSourcesBuildPhase section */
		0E66FD291B8A5F57008C3D0B /* Sources */ = {
			isa = PBXSourcesBuildPhase;
			buildActionMask = 2147483647;
			files = (
				0E66FD331B8A5F57008C3D0B /* ViewController.swift in Sources */,
				0E66FD311B8A5F57008C3D0B /* AppDelegate.swift in Sources */,
			);
			runOnlyForDeploymentPostprocessing = 0;
		};
		0E66FD3D1B8A5F57008C3D0B /* Sources */ = {
			isa = PBXSourcesBuildPhase;
			buildActionMask = 2147483647;
			files = (
				0E66FD461B8A5F57008C3D0B /* WIA1_Lea_NathanTests.swift in Sources */,
			);
			runOnlyForDeploymentPostprocessing = 0;
		};
		0E66FD481B8A5F57008C3D0B /* Sources */ = {
			isa = PBXSourcesBuildPhase;
			buildActionMask = 2147483647;
			files = (
				0E66FD511B8A5F57008C3D0B /* WIA1_Lea_NathanUITests.swift in Sources */,
			);
			runOnlyForDeploymentPostprocessing = 0;
		};
/* End PBXSourcesBuildPhase section */

/* Begin PBXTargetDependency section */
		0E66FD431B8A5F57008C3D0B /* PBXTargetDependency */ = {
			isa = PBXTargetDependency;
			target = 0E66FD2C1B8A5F57008C3D0B /* WIA1_Lea_Nathan */;
			targetProxy = 0E66FD421B8A5F57008C3D0B /* PBXContainerItemProxy */;
		};
		0E66FD4E1B8A5F57008C3D0B /* PBXTargetDependency */ = {
			isa = PBXTargetDependency;
			target = 0E66FD2C1B8A5F57008C3D0B /* WIA1_Lea_Nathan */;
			targetProxy = 0E66FD4D1B8A5F57008C3D0B /* PBXContainerItemProxy */;
		};
/* End PBXTargetDependency section */

/* Begin PBXVariantGroup section */
		0E66FD341B8A5F57008C3D0B /* Main.storyboard */ = {
			isa = PBXVariantGroup;
			children = (
				0E66FD351B8A5F57008C3D0B /* Base */,
			);
			name = Main.storyboard;
			sourceTree = "<group>";
		};
		0E66FD391B8A5F57008C3D0B /* LaunchScreen.storyboard */ = {
			isa = PBXVariantGroup;
			children = (
				0E66FD3A1B8A5F57008C3D0B /* Base */,
			);
			name = LaunchScreen.storyboard;
			sourceTree = "<group>";
		};
/* End PBXVariantGroup section */

/* Begin XCBuildConfiguration section */
		0E66FD531B8A5F57008C3D0B /* Debug */ = {
			isa = XCBuildConfiguration;
			buildSettings = {
				ALWAYS_SEARCH_USER_PATHS = NO;
				CLANG_CXX_LANGUAGE_STANDARD = "gnu++0x";
				CLANG_CXX_LIBRARY = "libc++";
				CLANG_ENABLE_MODULES = YES;
				CLANG_ENABLE_OBJC_ARC = YES;
				CLANG_WARN_BOOL_CONVERSION = YES;
				CLANG_WARN_CONSTANT_CONVERSION = YES;
				CLANG_WARN_DIRECT_OBJC_ISA_USAGE = YES_ERROR;
				CLANG_WARN_EMPTY_BODY = YES;
				CLANG_WARN_ENUM_CONVERSION = YES;
				CLANG_WARN_INT_CONVERSION = YES;
				CLANG_WARN_OBJC_ROOT_CLASS = YES_ERROR;
				CLANG_WARN_UNREACHABLE_CODE = YES;
				CLANG_WARN__DUPLICATE_METHOD_MATCH = YES;
				"CODE_SIGN_IDENTITY[sdk=iphoneos*]" = "iPhone Developer";
				COPY_PHASE_STRIP = NO;
				DEBUG_INFORMATION_FORMAT = dwarf;
				ENABLE_STRICT_OBJC_MSGSEND = YES;
				ENABLE_TESTABILITY = YES;
				GCC_C_LANGUAGE_STANDARD = gnu99;
				GCC_DYNAMIC_NO_PIC = NO;
				GCC_NO_COMMON_BLOCKS = YES;
				GCC_OPTIMIZATION_LEVEL = 0;
				GCC_PREPROCESSOR_DEFINITIONS = (
					"DEBUG=1",
					"$(inherited)",
				);
				GCC_WARN_64_TO_32_BIT_CONVERSION = YES;
				GCC_WARN_ABOUT_RETURN_TYPE = YES_ERROR;
				GCC_WARN_UNDECLARED_SELECTOR = YES;
				GCC_WARN_UNINITIALIZED_AUTOS = YES_AGGRESSIVE;
				GCC_WARN_UNUSED_FUNCTION = YES;
				GCC_WARN_UNUSED_VARIABLE = YES;
				IPHONEOS_DEPLOYMENT_TARGET = 9.0;
				MTL_ENABLE_DEBUG_INFO = YES;
				ONLY_ACTIVE_ARCH = YES;
				SDKROOT = iphoneos;
				SWIFT_OPTIMIZATION_LEVEL = "-Onone";
			};
			name = Debug;
		};
		0E66FD541B8A5F57008C3D0B /* Release */ = {
			isa = XCBuildConfiguration;
			buildSettings = {
				ALWAYS_SEARCH_USER_PATHS = NO;
				CLANG_CXX_LANGUAGE_STANDARD = "gnu++0x";
				CLANG_CXX_LIBRARY = "libc++";
				CLANG_ENABLE_MODULES = YES;
				CLANG_ENABLE_OBJC_ARC = YES;
				CLANG_WARN_BOOL_CONVERSION = YES;
				CLANG_WARN_CONSTANT_CONVERSION = YES;
				CLANG_WARN_DIRECT_OBJC_ISA_USAGE = YES_ERROR;
				CLANG_WARN_EMPTY_BODY = YES;
				CLANG_WARN_ENUM_CONVERSION = YES;
				CLANG_WARN_INT_CONVERSION = YES;
				CLANG_WARN_OBJC_ROOT_CLASS = YES_ERROR;
				CLANG_WARN_UNREACHABLE_CODE = YES;
				CLANG_WARN__DUPLICATE_METHOD_MATCH = YES;
				"CODE_SIGN_IDENTITY[sdk=iphoneos*]" = "iPhone Developer";
				COPY_PHASE_STRIP = NO;
				DEBUG_INFORMATION_FORMAT = "dwarf-with-dsym";
				ENABLE_NS_ASSERTIONS = NO;
				ENABLE_STRICT_OBJC_MSGSEND = YES;
				GCC_C_LANGUAGE_STANDARD = gnu99;
				GCC_NO_COMMON_BLOCKS = YES;
				GCC_WARN_64_TO_32_BIT_CONVERSION = YES;
				GCC_WARN_ABOUT_RETURN_TYPE = YES_ERROR;
				GCC_WARN_UNDECLARED_SELECTOR = YES;
				GCC_WARN_UNINITIALIZED_AUTOS = YES_AGGRESSIVE;
				GCC_WARN_UNUSED_FUNCTION = YES;
				GCC_WARN_UNUSED_VARIABLE = YES;
				IPHONEOS_DEPLOYMENT_TARGET = 9.0;
				MTL_ENABLE_DEBUG_INFO = NO;
				SDKROOT = iphoneos;
				VALIDATE_PRODUCT = YES;
			};
			name = Release;
		};
		0E66FD561B8A5F57008C3D0B /* Debug */ = {
			isa = XCBuildConfiguration;
			buildSettings = {
				ASSETCATALOG_COMPILER_APPICON_NAME = AppIcon;
				INFOPLIST_FILE = WIA1_Lea_Nathan/Info.plist;
				LD_RUNPATH_SEARCH_PATHS = "$(inherited) @executable_path/Frameworks";
				PRODUCT_BUNDLE_IDENTIFIER = "CS4153.WIA1-Lea-Nathan";
				PRODUCT_NAME = "$(TARGET_NAME)";
			};
			name = Debug;
		};
		0E66FD571B8A5F57008C3D0B /* Release */ = {
			isa = XCBuildConfiguration;
			buildSettings = {
				ASSETCATALOG_COMPILER_APPICON_NAME = AppIcon;
				INFOPLIST_FILE = WIA1_Lea_Nathan/Info.plist;
				LD_RUNPATH_SEARCH_PATHS = "$(inherited) @executable_path/Frameworks";
				PRODUCT_BUNDLE_IDENTIFIER = "CS4153.WIA1-Lea-Nathan";
				PRODUCT_NAME = "$(TARGET_NAME)";
			};
			name = Release;
		};
		0E66FD591B8A5F57008C3D0B /* Debug */ = {
			isa = XCBuildConfiguration;
			buildSettings = {
				BUNDLE_LOADER = "$(TEST_HOST)";
				INFOPLIST_FILE = WIA1_Lea_NathanTests/Info.plist;
				LD_RUNPATH_SEARCH_PATHS = "$(inherited) @executable_path/Frameworks @loader_path/Frameworks";
				PRODUCT_BUNDLE_IDENTIFIER = "CS4153.WIA1-Lea-NathanTests";
				PRODUCT_NAME = "$(TARGET_NAME)";
				TEST_HOST = "$(BUILT_PRODUCTS_DIR)/WIA1_Lea_Nathan.app/WIA1_Lea_Nathan";
			};
			name = Debug;
		};
		0E66FD5A1B8A5F57008C3D0B /* Release */ = {
			isa = XCBuildConfiguration;
			buildSettings = {
				BUNDLE_LOADER = "$(TEST_HOST)";
				INFOPLIST_FILE = WIA1_Lea_NathanTests/Info.plist;
				LD_RUNPATH_SEARCH_PATHS = "$(inherited) @executable_path/Frameworks @loader_path/Frameworks";
				PRODUCT_BUNDLE_IDENTIFIER = "CS4153.WIA1-Lea-NathanTests";
				PRODUCT_NAME = "$(TARGET_NAME)";
				TEST_HOST = "$(BUILT_PRODUCTS_DIR)/WIA1_Lea_Nathan.app/WIA1_Lea_Nathan";
			};
			name = Release;
		};
		0E66FD5C1B8A5F57008C3D0B /* Debug */ = {
			isa = XCBuildConfiguration;
			buildSettings = {
				INFOPLIST_FILE = WIA1_Lea_NathanUITests/Info.plist;
				LD_RUNPATH_SEARCH_PATHS = "$(inherited) @executable_path/Frameworks @loader_path/Frameworks";
				PRODUCT_BUNDLE_IDENTIFIER = "CS4153.WIA1-Lea-NathanUITests";
				PRODUCT_NAME = "$(TARGET_NAME)";
				TEST_TARGET_NAME = WIA1_Lea_Nathan;
				USES_XCTRUNNER = YES;
			};
			name = Debug;
		};
		0E66FD5D1B8A5F57008C3D0B /* Release */ = {
			isa = XCBuildConfiguration;
			buildSettings = {
				INFOPLIST_FILE = WIA1_Lea_NathanUITests/Info.plist;
				LD_RUNPATH_SEARCH_PATHS = "$(inherited) @executable_path/Frameworks @loader_path/Frameworks";
				PRODUCT_BUNDLE_IDENTIFIER = "CS4153.WIA1-Lea-NathanUITests";
				PRODUCT_NAME = "$(TARGET_NAME)";
				TEST_TARGET_NAME = WIA1_Lea_Nathan;
				USES_XCTRUNNER = YES;
			};
			name = Release;
		};
/* End XCBuildConfiguration section */

/* Begin XCConfigurationList section */
		0E66FD281B8A5F57008C3D0B /* Build configuration list for PBXProject "WIA1_Lea_Nathan" */ = {
			isa = XCConfigurationList;
			buildConfigurations = (
				0E66FD531B8A5F57008C3D0B /* Debug */,
				0E66FD541B8A5F57008C3D0B /* Release */,
			);
			defaultConfigurationIsVisible = 0;
			defaultConfigurationName = Release;
		};
		0E66FD551B8A5F57008C3D0B /* Build configuration list for PBXNativeTarget "WIA1_Lea_Nathan" */ = {
			isa = XCConfigurationList;
			buildConfigurations = (
				0E66FD561B8A5F57008C3D0B /* Debug */,
				0E66FD571B8A5F57008C3D0B /* Release */,
			);
			defaultConfigurationIsVisible = 0;
		};
		0E66FD581B8A5F57008C3D0B /* Build configuration list for PBXNativeTarget "WIA1_Lea_NathanTests" */ = {
			isa = XCConfigurationList;
			buildConfigurations = (
				0E66FD591B8A5F57008C3D0B /* Debug */,
				0E66FD5A1B8A5F57008C3D0B /* Release */,
			);
			defaultConfigurationIsVisible = 0;
		};
		0E66FD5B1B8A5F57008C3D0B /* Build configuration list for PBXNativeTarget "WIA1_Lea_NathanUITests" */ = {
			isa = XCConfigurationList;
			buildConfigurations = (
				0E66FD5C1B8A5F57008C3D0B /* Debug */,
				0E66FD5D1B8A5F57008C3D0B /* Release */,
			);
			defaultConfigurationIsVisible = 0;
		};
/* End XCConfigurationList section */
	};
	rootObject = 0E66FD251B8A5F57008C3D0B /* Project object */;
}
