// !$*UTF8*$!
{
	archiveVersion = 1;
	classes = {
	};
	objectVersion = 46;
	objects = {

/* Begin PBXBuildFile section */
		0EE8F2941BD007EF001CE162 /* AppDelegate.swift in Sources */ = {isa = PBXBuildFile; fileRef = 0EE8F2931BD007EF001CE162 /* AppDelegate.swift */; };
		0EE8F2961BD007EF001CE162 /* ViewController.swift in Sources */ = {isa = PBXBuildFile; fileRef = 0EE8F2951BD007EF001CE162 /* ViewController.swift */; };
		0EE8F2991BD007EF001CE162 /* Main.storyboard in Resources */ = {isa = PBXBuildFile; fileRef = 0EE8F2971BD007EF001CE162 /* Main.storyboard */; };
		0EE8F29C1BD007EF001CE162 /* Datadatadatabases.xcdatamodeld in Sources */ = {isa = PBXBuildFile; fileRef = 0EE8F29A1BD007EF001CE162 /* Datadatadatabases.xcdatamodeld */; };
		0EE8F29E1BD007EF001CE162 /* Assets.xcassets in Resources */ = {isa = PBXBuildFile; fileRef = 0EE8F29D1BD007EF001CE162 /* Assets.xcassets */; };
		0EE8F2A11BD007EF001CE162 /* LaunchScreen.storyboard in Resources */ = {isa = PBXBuildFile; fileRef = 0EE8F29F1BD007EF001CE162 /* LaunchScreen.storyboard */; };
		0EE8F2AC1BD007EF001CE162 /* DatadatadatabasesTests.swift in Sources */ = {isa = PBXBuildFile; fileRef = 0EE8F2AB1BD007EF001CE162 /* DatadatadatabasesTests.swift */; };
		0EE8F2B71BD007EF001CE162 /* DatadatadatabasesUITests.swift in Sources */ = {isa = PBXBuildFile; fileRef = 0EE8F2B61BD007EF001CE162 /* DatadatadatabasesUITests.swift */; };
		0EE8F2C51BD00C2D001CE162 /* TableViewController.swift in Sources */ = {isa = PBXBuildFile; fileRef = 0EE8F2C41BD00C2D001CE162 /* TableViewController.swift */; };
/* End PBXBuildFile section */

/* Begin PBXContainerItemProxy section */
		0EE8F2A81BD007EF001CE162 /* PBXContainerItemProxy */ = {
			isa = PBXContainerItemProxy;
			containerPortal = 0EE8F2881BD007EF001CE162 /* Project object */;
			proxyType = 1;
			remoteGlobalIDString = 0EE8F28F1BD007EF001CE162;
			remoteInfo = Datadatadatabases;
		};
		0EE8F2B31BD007EF001CE162 /* PBXContainerItemProxy */ = {
			isa = PBXContainerItemProxy;
			containerPortal = 0EE8F2881BD007EF001CE162 /* Project object */;
			proxyType = 1;
			remoteGlobalIDString = 0EE8F28F1BD007EF001CE162;
			remoteInfo = Datadatadatabases;
		};
/* End PBXContainerItemProxy section */

/* Begin PBXFileReference section */
		0EE8F2901BD007EF001CE162 /* Datadatadatabases.app */ = {isa = PBXFileReference; explicitFileType = wrapper.application; includeInIndex = 0; path = Datadatadatabases.app; sourceTree = BUILT_PRODUCTS_DIR; };
		0EE8F2931BD007EF001CE162 /* AppDelegate.swift */ = {isa = PBXFileReference; lastKnownFileType = sourcecode.swift; path = AppDelegate.swift; sourceTree = "<group>"; };
		0EE8F2951BD007EF001CE162 /* ViewController.swift */ = {isa = PBXFileReference; lastKnownFileType = sourcecode.swift; path = ViewController.swift; sourceTree = "<group>"; };
		0EE8F2981BD007EF001CE162 /* Base */ = {isa = PBXFileReference; lastKnownFileType = file.storyboard; name = Base; path = Base.lproj/Main.storyboard; sourceTree = "<group>"; };
		0EE8F29B1BD007EF001CE162 /* Datadatadatabases.xcdatamodel */ = {isa = PBXFileReference; lastKnownFileType = wrapper.xcdatamodel; path = Datadatadatabases.xcdatamodel; sourceTree = "<group>"; };
		0EE8F29D1BD007EF001CE162 /* Assets.xcassets */ = {isa = PBXFileReference; lastKnownFileType = folder.assetcatalog; path = Assets.xcassets; sourceTree = "<group>"; };
		0EE8F2A01BD007EF001CE162 /* Base */ = {isa = PBXFileReference; lastKnownFileType = file.storyboard; name = Base; path = Base.lproj/LaunchScreen.storyboard; sourceTree = "<group>"; };
		0EE8F2A21BD007EF001CE162 /* Info.plist */ = {isa = PBXFileReference; lastKnownFileType = text.plist.xml; path = Info.plist; sourceTree = "<group>"; };
		0EE8F2A71BD007EF001CE162 /* DatadatadatabasesTests.xctest */ = {isa = PBXFileReference; explicitFileType = wrapper.cfbundle; includeInIndex = 0; path = DatadatadatabasesTests.xctest; sourceTree = BUILT_PRODUCTS_DIR; };
		0EE8F2AB1BD007EF001CE162 /* DatadatadatabasesTests.swift */ = {isa = PBXFileReference; lastKnownFileType = sourcecode.swift; path = DatadatadatabasesTests.swift; sourceTree = "<group>"; };
		0EE8F2AD1BD007EF001CE162 /* Info.plist */ = {isa = PBXFileReference; lastKnownFileType = text.plist.xml; path = Info.plist; sourceTree = "<group>"; };
		0EE8F2B21BD007EF001CE162 /* DatadatadatabasesUITests.xctest */ = {isa = PBXFileReference; explicitFileType = wrapper.cfbundle; includeInIndex = 0; path = DatadatadatabasesUITests.xctest; sourceTree = BUILT_PRODUCTS_DIR; };
		0EE8F2B61BD007EF001CE162 /* DatadatadatabasesUITests.swift */ = {isa = PBXFileReference; lastKnownFileType = sourcecode.swift; path = DatadatadatabasesUITests.swift; sourceTree = "<group>"; };
		0EE8F2B81BD007EF001CE162 /* Info.plist */ = {isa = PBXFileReference; lastKnownFileType = text.plist.xml; path = Info.plist; sourceTree = "<group>"; };
		0EE8F2C41BD00C2D001CE162 /* TableViewController.swift */ = {isa = PBXFileReference; fileEncoding = 4; lastKnownFileType = sourcecode.swift; path = TableViewController.swift; sourceTree = "<group>"; };
/* End PBXFileReference section */

/* Begin PBXFrameworksBuildPhase section */
		0EE8F28D1BD007EF001CE162 /* Frameworks */ = {
			isa = PBXFrameworksBuildPhase;
			buildActionMask = 2147483647;
			files = (
			);
			runOnlyForDeploymentPostprocessing = 0;
		};
		0EE8F2A41BD007EF001CE162 /* Frameworks */ = {
			isa = PBXFrameworksBuildPhase;
			buildActionMask = 2147483647;
			files = (
			);
			runOnlyForDeploymentPostprocessing = 0;
		};
		0EE8F2AF1BD007EF001CE162 /* Frameworks */ = {
			isa = PBXFrameworksBuildPhase;
			buildActionMask = 2147483647;
			files = (
			);
			runOnlyForDeploymentPostprocessing = 0;
		};
/* End PBXFrameworksBuildPhase section */

/* Begin PBXGroup section */
		0EE8F2871BD007EF001CE162 = {
			isa = PBXGroup;
			children = (
				0EE8F2921BD007EF001CE162 /* Datadatadatabases */,
				0EE8F2AA1BD007EF001CE162 /* DatadatadatabasesTests */,
				0EE8F2B51BD007EF001CE162 /* DatadatadatabasesUITests */,
				0EE8F2911BD007EF001CE162 /* Products */,
			);
			sourceTree = "<group>";
		};
		0EE8F2911BD007EF001CE162 /* Products */ = {
			isa = PBXGroup;
			children = (
				0EE8F2901BD007EF001CE162 /* Datadatadatabases.app */,
				0EE8F2A71BD007EF001CE162 /* DatadatadatabasesTests.xctest */,
				0EE8F2B21BD007EF001CE162 /* DatadatadatabasesUITests.xctest */,
			);
			name = Products;
			sourceTree = "<group>";
		};
		0EE8F2921BD007EF001CE162 /* Datadatadatabases */ = {
			isa = PBXGroup;
			children = (
				0EE8F2931BD007EF001CE162 /* AppDelegate.swift */,
				0EE8F2951BD007EF001CE162 /* ViewController.swift */,
				0EE8F2971BD007EF001CE162 /* Main.storyboard */,
				0EE8F2C41BD00C2D001CE162 /* TableViewController.swift */,
				0EE8F29D1BD007EF001CE162 /* Assets.xcassets */,
				0EE8F29F1BD007EF001CE162 /* LaunchScreen.storyboard */,
				0EE8F2A21BD007EF001CE162 /* Info.plist */,
				0EE8F29A1BD007EF001CE162 /* Datadatadatabases.xcdatamodeld */,
			);
			path = Datadatadatabases;
			sourceTree = "<group>";
		};
		0EE8F2AA1BD007EF001CE162 /* DatadatadatabasesTests */ = {
			isa = PBXGroup;
			children = (
				0EE8F2AB1BD007EF001CE162 /* DatadatadatabasesTests.swift */,
				0EE8F2AD1BD007EF001CE162 /* Info.plist */,
			);
			path = DatadatadatabasesTests;
			sourceTree = "<group>";
		};
		0EE8F2B51BD007EF001CE162 /* DatadatadatabasesUITests */ = {
			isa = PBXGroup;
			children = (
				0EE8F2B61BD007EF001CE162 /* DatadatadatabasesUITests.swift */,
				0EE8F2B81BD007EF001CE162 /* Info.plist */,
			);
			path = DatadatadatabasesUITests;
			sourceTree = "<group>";
		};
/* End PBXGroup section */

/* Begin PBXNativeTarget section */
		0EE8F28F1BD007EF001CE162 /* Datadatadatabases */ = {
			isa = PBXNativeTarget;
			buildConfigurationList = 0EE8F2BB1BD007EF001CE162 /* Build configuration list for PBXNativeTarget "Datadatadatabases" */;
			buildPhases = (
				0EE8F28C1BD007EF001CE162 /* Sources */,
				0EE8F28D1BD007EF001CE162 /* Frameworks */,
				0EE8F28E1BD007EF001CE162 /* Resources */,
			);
			buildRules = (
			);
			dependencies = (
			);
			name = Datadatadatabases;
			productName = Datadatadatabases;
			productReference = 0EE8F2901BD007EF001CE162 /* Datadatadatabases.app */;
			productType = "com.apple.product-type.application";
		};
		0EE8F2A61BD007EF001CE162 /* DatadatadatabasesTests */ = {
			isa = PBXNativeTarget;
			buildConfigurationList = 0EE8F2BE1BD007EF001CE162 /* Build configuration list for PBXNativeTarget "DatadatadatabasesTests" */;
			buildPhases = (
				0EE8F2A31BD007EF001CE162 /* Sources */,
				0EE8F2A41BD007EF001CE162 /* Frameworks */,
				0EE8F2A51BD007EF001CE162 /* Resources */,
			);
			buildRules = (
			);
			dependencies = (
				0EE8F2A91BD007EF001CE162 /* PBXTargetDependency */,
			);
			name = DatadatadatabasesTests;
			productName = DatadatadatabasesTests;
			productReference = 0EE8F2A71BD007EF001CE162 /* DatadatadatabasesTests.xctest */;
			productType = "com.apple.product-type.bundle.unit-test";
		};
		0EE8F2B11BD007EF001CE162 /* DatadatadatabasesUITests */ = {
			isa = PBXNativeTarget;
			buildConfigurationList = 0EE8F2C11BD007EF001CE162 /* Build configuration list for PBXNativeTarget "DatadatadatabasesUITests" */;
			buildPhases = (
				0EE8F2AE1BD007EF001CE162 /* Sources */,
				0EE8F2AF1BD007EF001CE162 /* Frameworks */,
				0EE8F2B01BD007EF001CE162 /* Resources */,
			);
			buildRules = (
			);
			dependencies = (
				0EE8F2B41BD007EF001CE162 /* PBXTargetDependency */,
			);
			name = DatadatadatabasesUITests;
			productName = DatadatadatabasesUITests;
			productReference = 0EE8F2B21BD007EF001CE162 /* DatadatadatabasesUITests.xctest */;
			productType = "com.apple.product-type.bundle.ui-testing";
		};
/* End PBXNativeTarget section */

/* Begin PBXProject section */
		0EE8F2881BD007EF001CE162 /* Project object */ = {
			isa = PBXProject;
			attributes = {
				LastUpgradeCheck = 0700;
				ORGANIZATIONNAME = "LEA NATHAN H";
				TargetAttributes = {
					0EE8F28F1BD007EF001CE162 = {
						CreatedOnToolsVersion = 7.0;
					};
					0EE8F2A61BD007EF001CE162 = {
						CreatedOnToolsVersion = 7.0;
						TestTargetID = 0EE8F28F1BD007EF001CE162;
					};
					0EE8F2B11BD007EF001CE162 = {
						CreatedOnToolsVersion = 7.0;
						TestTargetID = 0EE8F28F1BD007EF001CE162;
					};
				};
			};
			buildConfigurationList = 0EE8F28B1BD007EF001CE162 /* Build configuration list for PBXProject "Datadatadatabases" */;
			compatibilityVersion = "Xcode 3.2";
			developmentRegion = English;
			hasScannedForEncodings = 0;
			knownRegions = (
				en,
				Base,
			);
			mainGroup = 0EE8F2871BD007EF001CE162;
			productRefGroup = 0EE8F2911BD007EF001CE162 /* Products */;
			projectDirPath = "";
			projectRoot = "";
			targets = (
				0EE8F28F1BD007EF001CE162 /* Datadatadatabases */,
				0EE8F2A61BD007EF001CE162 /* DatadatadatabasesTests */,
				0EE8F2B11BD007EF001CE162 /* DatadatadatabasesUITests */,
			);
		};
/* End PBXProject section */

/* Begin PBXResourcesBuildPhase section */
		0EE8F28E1BD007EF001CE162 /* Resources */ = {
			isa = PBXResourcesBuildPhase;
			buildActionMask = 2147483647;
			files = (
				0EE8F2A11BD007EF001CE162 /* LaunchScreen.storyboard in Resources */,
				0EE8F29E1BD007EF001CE162 /* Assets.xcassets in Resources */,
				0EE8F2991BD007EF001CE162 /* Main.storyboard in Resources */,
			);
			runOnlyForDeploymentPostprocessing = 0;
		};
		0EE8F2A51BD007EF001CE162 /* Resources */ = {
			isa = PBXResourcesBuildPhase;
			buildActionMask = 2147483647;
			files = (
			);
			runOnlyForDeploymentPostprocessing = 0;
		};
		0EE8F2B01BD007EF001CE162 /* Resources */ = {
			isa = PBXResourcesBuildPhase;
			buildActionMask = 2147483647;
			files = (
			);
			runOnlyForDeploymentPostprocessing = 0;
		};
/* End PBXResourcesBuildPhase section */

/* Begin PBXSourcesBuildPhase section */
		0EE8F28C1BD007EF001CE162 /* Sources */ = {
			isa = PBXSourcesBuildPhase;
			buildActionMask = 2147483647;
			files = (
				0EE8F2961BD007EF001CE162 /* ViewController.swift in Sources */,
				0EE8F2941BD007EF001CE162 /* AppDelegate.swift in Sources */,
				0EE8F29C1BD007EF001CE162 /* Datadatadatabases.xcdatamodeld in Sources */,
				0EE8F2C51BD00C2D001CE162 /* TableViewController.swift in Sources */,
			);
			runOnlyForDeploymentPostprocessing = 0;
		};
		0EE8F2A31BD007EF001CE162 /* Sources */ = {
			isa = PBXSourcesBuildPhase;
			buildActionMask = 2147483647;
			files = (
				0EE8F2AC1BD007EF001CE162 /* DatadatadatabasesTests.swift in Sources */,
			);
			runOnlyForDeploymentPostprocessing = 0;
		};
		0EE8F2AE1BD007EF001CE162 /* Sources */ = {
			isa = PBXSourcesBuildPhase;
			buildActionMask = 2147483647;
			files = (
				0EE8F2B71BD007EF001CE162 /* DatadatadatabasesUITests.swift in Sources */,
			);
			runOnlyForDeploymentPostprocessing = 0;
		};
/* End PBXSourcesBuildPhase section */

/* Begin PBXTargetDependency section */
		0EE8F2A91BD007EF001CE162 /* PBXTargetDependency */ = {
			isa = PBXTargetDependency;
			target = 0EE8F28F1BD007EF001CE162 /* Datadatadatabases */;
			targetProxy = 0EE8F2A81BD007EF001CE162 /* PBXContainerItemProxy */;
		};
		0EE8F2B41BD007EF001CE162 /* PBXTargetDependency */ = {
			isa = PBXTargetDependency;
			target = 0EE8F28F1BD007EF001CE162 /* Datadatadatabases */;
			targetProxy = 0EE8F2B31BD007EF001CE162 /* PBXContainerItemProxy */;
		};
/* End PBXTargetDependency section */

/* Begin PBXVariantGroup section */
		0EE8F2971BD007EF001CE162 /* Main.storyboard */ = {
			isa = PBXVariantGroup;
			children = (
				0EE8F2981BD007EF001CE162 /* Base */,
			);
			name = Main.storyboard;
			sourceTree = "<group>";
		};
		0EE8F29F1BD007EF001CE162 /* LaunchScreen.storyboard */ = {
			isa = PBXVariantGroup;
			children = (
				0EE8F2A01BD007EF001CE162 /* Base */,
			);
			name = LaunchScreen.storyboard;
			sourceTree = "<group>";
		};
/* End PBXVariantGroup section */

/* Begin XCBuildConfiguration section */
		0EE8F2B91BD007EF001CE162 /* Debug */ = {
			isa = XCBuildConfiguration;
			buildSettings = {
				ALWAYS_SEARCH_USER_PATHS = NO;
				CLANG_CXX_LANGUAGE_STANDARD = "gnu++0x";
				CLANG_CXX_LIBRARY = "libc++";
				CLANG_ENABLE_MODULES = YES;
				CLANG_ENABLE_OBJC_ARC = YES;
				CLANG_WARN_BOOL_CONVERSION = YES;
				CLANG_WARN_CONSTANT_CONVERSION = YES;
				CLANG_WARN_DIRECT_OBJC_ISA_USAGE = YES_ERROR;
				CLANG_WARN_EMPTY_BODY = YES;
				CLANG_WARN_ENUM_CONVERSION = YES;
				CLANG_WARN_INT_CONVERSION = YES;
				CLANG_WARN_OBJC_ROOT_CLASS = YES_ERROR;
				CLANG_WARN_UNREACHABLE_CODE = YES;
				CLANG_WARN__DUPLICATE_METHOD_MATCH = YES;
				"CODE_SIGN_IDENTITY[sdk=iphoneos*]" = "iPhone Developer";
				COPY_PHASE_STRIP = NO;
				DEBUG_INFORMATION_FORMAT = dwarf;
				ENABLE_STRICT_OBJC_MSGSEND = YES;
				ENABLE_TESTABILITY = YES;
				GCC_C_LANGUAGE_STANDARD = gnu99;
				GCC_DYNAMIC_NO_PIC = NO;
				GCC_NO_COMMON_BLOCKS = YES;
				GCC_OPTIMIZATION_LEVEL = 0;
				GCC_PREPROCESSOR_DEFINITIONS = (
					"DEBUG=1",
					"$(inherited)",
				);
				GCC_WARN_64_TO_32_BIT_CONVERSION = YES;
				GCC_WARN_ABOUT_RETURN_TYPE = YES_ERROR;
				GCC_WARN_UNDECLARED_SELECTOR = YES;
				GCC_WARN_UNINITIALIZED_AUTOS = YES_AGGRESSIVE;
				GCC_WARN_UNUSED_FUNCTION = YES;
				GCC_WARN_UNUSED_VARIABLE = YES;
				IPHONEOS_DEPLOYMENT_TARGET = 9.0;
				MTL_ENABLE_DEBUG_INFO = YES;
				ONLY_ACTIVE_ARCH = YES;
				SDKROOT = iphoneos;
				SWIFT_OPTIMIZATION_LEVEL = "-Onone";
			};
			name = Debug;
		};
		0EE8F2BA1BD007EF001CE162 /* Release */ = {
			isa = XCBuildConfiguration;
			buildSettings = {
				ALWAYS_SEARCH_USER_PATHS = NO;
				CLANG_CXX_LANGUAGE_STANDARD = "gnu++0x";
				CLANG_CXX_LIBRARY = "libc++";
				CLANG_ENABLE_MODULES = YES;
				CLANG_ENABLE_OBJC_ARC = YES;
				CLANG_WARN_BOOL_CONVERSION = YES;
				CLANG_WARN_CONSTANT_CONVERSION = YES;
				CLANG_WARN_DIRECT_OBJC_ISA_USAGE = YES_ERROR;
				CLANG_WARN_EMPTY_BODY = YES;
				CLANG_WARN_ENUM_CONVERSION = YES;
				CLANG_WARN_INT_CONVERSION = YES;
				CLANG_WARN_OBJC_ROOT_CLASS = YES_ERROR;
				CLANG_WARN_UNREACHABLE_CODE = YES;
				CLANG_WARN__DUPLICATE_METHOD_MATCH = YES;
				"CODE_SIGN_IDENTITY[sdk=iphoneos*]" = "iPhone Developer";
				COPY_PHASE_STRIP = NO;
				DEBUG_INFORMATION_FORMAT = "dwarf-with-dsym";
				ENABLE_NS_ASSERTIONS = NO;
				ENABLE_STRICT_OBJC_MSGSEND = YES;
				GCC_C_LANGUAGE_STANDARD = gnu99;
				GCC_NO_COMMON_BLOCKS = YES;
				GCC_WARN_64_TO_32_BIT_CONVERSION = YES;
				GCC_WARN_ABOUT_RETURN_TYPE = YES_ERROR;
				GCC_WARN_UNDECLARED_SELECTOR = YES;
				GCC_WARN_UNINITIALIZED_AUTOS = YES_AGGRESSIVE;
				GCC_WARN_UNUSED_FUNCTION = YES;
				GCC_WARN_UNUSED_VARIABLE = YES;
				IPHONEOS_DEPLOYMENT_TARGET = 9.0;
				MTL_ENABLE_DEBUG_INFO = NO;
				SDKROOT = iphoneos;
				VALIDATE_PRODUCT = YES;
			};
			name = Release;
		};
		0EE8F2BC1BD007EF001CE162 /* Debug */ = {
			isa = XCBuildConfiguration;
			buildSettings = {
				ASSETCATALOG_COMPILER_APPICON_NAME = AppIcon;
				INFOPLIST_FILE = Datadatadatabases/Info.plist;
				LD_RUNPATH_SEARCH_PATHS = "$(inherited) @executable_path/Frameworks";
				PRODUCT_BUNDLE_IDENTIFIER = edu.okstate.cs.Datadatadatabases;
				PRODUCT_NAME = "$(TARGET_NAME)";
			};
			name = Debug;
		};
		0EE8F2BD1BD007EF001CE162 /* Release */ = {
			isa = XCBuildConfiguration;
			buildSettings = {
				ASSETCATALOG_COMPILER_APPICON_NAME = AppIcon;
				INFOPLIST_FILE = Datadatadatabases/Info.plist;
				LD_RUNPATH_SEARCH_PATHS = "$(inherited) @executable_path/Frameworks";
				PRODUCT_BUNDLE_IDENTIFIER = edu.okstate.cs.Datadatadatabases;
				PRODUCT_NAME = "$(TARGET_NAME)";
			};
			name = Release;
		};
		0EE8F2BF1BD007EF001CE162 /* Debug */ = {
			isa = XCBuildConfiguration;
			buildSettings = {
				BUNDLE_LOADER = "$(TEST_HOST)";
				INFOPLIST_FILE = DatadatadatabasesTests/Info.plist;
				LD_RUNPATH_SEARCH_PATHS = "$(inherited) @executable_path/Frameworks @loader_path/Frameworks";
				PRODUCT_BUNDLE_IDENTIFIER = edu.okstate.cs.DatadatadatabasesTests;
				PRODUCT_NAME = "$(TARGET_NAME)";
				TEST_HOST = "$(BUILT_PRODUCTS_DIR)/Datadatadatabases.app/Datadatadatabases";
			};
			name = Debug;
		};
		0EE8F2C01BD007EF001CE162 /* Release */ = {
			isa = XCBuildConfiguration;
			buildSettings = {
				BUNDLE_LOADER = "$(TEST_HOST)";
				INFOPLIST_FILE = DatadatadatabasesTests/Info.plist;
				LD_RUNPATH_SEARCH_PATHS = "$(inherited) @executable_path/Frameworks @loader_path/Frameworks";
				PRODUCT_BUNDLE_IDENTIFIER = edu.okstate.cs.DatadatadatabasesTests;
				PRODUCT_NAME = "$(TARGET_NAME)";
				TEST_HOST = "$(BUILT_PRODUCTS_DIR)/Datadatadatabases.app/Datadatadatabases";
			};
			name = Release;
		};
		0EE8F2C21BD007EF001CE162 /* Debug */ = {
			isa = XCBuildConfiguration;
			buildSettings = {
				INFOPLIST_FILE = DatadatadatabasesUITests/Info.plist;
				LD_RUNPATH_SEARCH_PATHS = "$(inherited) @executable_path/Frameworks @loader_path/Frameworks";
				PRODUCT_BUNDLE_IDENTIFIER = edu.okstate.cs.DatadatadatabasesUITests;
				PRODUCT_NAME = "$(TARGET_NAME)";
				TEST_TARGET_NAME = Datadatadatabases;
				USES_XCTRUNNER = YES;
			};
			name = Debug;
		};
		0EE8F2C31BD007EF001CE162 /* Release */ = {
			isa = XCBuildConfiguration;
			buildSettings = {
				INFOPLIST_FILE = DatadatadatabasesUITests/Info.plist;
				LD_RUNPATH_SEARCH_PATHS = "$(inherited) @executable_path/Frameworks @loader_path/Frameworks";
				PRODUCT_BUNDLE_IDENTIFIER = edu.okstate.cs.DatadatadatabasesUITests;
				PRODUCT_NAME = "$(TARGET_NAME)";
				TEST_TARGET_NAME = Datadatadatabases;
				USES_XCTRUNNER = YES;
			};
			name = Release;
		};
/* End XCBuildConfiguration section */

/* Begin XCConfigurationList section */
		0EE8F28B1BD007EF001CE162 /* Build configuration list for PBXProject "Datadatadatabases" */ = {
			isa = XCConfigurationList;
			buildConfigurations = (
				0EE8F2B91BD007EF001CE162 /* Debug */,
				0EE8F2BA1BD007EF001CE162 /* Release */,
			);
			defaultConfigurationIsVisible = 0;
			defaultConfigurationName = Release;
		};
		0EE8F2BB1BD007EF001CE162 /* Build configuration list for PBXNativeTarget "Datadatadatabases" */ = {
			isa = XCConfigurationList;
			buildConfigurations = (
				0EE8F2BC1BD007EF001CE162 /* Debug */,
				0EE8F2BD1BD007EF001CE162 /* Release */,
			);
			defaultConfigurationIsVisible = 0;
		};
		0EE8F2BE1BD007EF001CE162 /* Build configuration list for PBXNativeTarget "DatadatadatabasesTests" */ = {
			isa = XCConfigurationList;
			buildConfigurations = (
				0EE8F2BF1BD007EF001CE162 /* Debug */,
				0EE8F2C01BD007EF001CE162 /* Release */,
			);
			defaultConfigurationIsVisible = 0;
		};
		0EE8F2C11BD007EF001CE162 /* Build configuration list for PBXNativeTarget "DatadatadatabasesUITests" */ = {
			isa = XCConfigurationList;
			buildConfigurations = (
				0EE8F2C21BD007EF001CE162 /* Debug */,
				0EE8F2C31BD007EF001CE162 /* Release */,
			);
			defaultConfigurationIsVisible = 0;
		};
/* End XCConfigurationList section */

/* Begin XCVersionGroup section */
		0EE8F29A1BD007EF001CE162 /* Datadatadatabases.xcdatamodeld */ = {
			isa = XCVersionGroup;
			children = (
				0EE8F29B1BD007EF001CE162 /* Datadatadatabases.xcdatamodel */,
			);
			currentVersion = 0EE8F29B1BD007EF001CE162 /* Datadatadatabases.xcdatamodel */;
			path = Datadatadatabases.xcdatamodeld;
			sourceTree = "<group>";
			versionGroupType = wrapper.xcdatamodel;
		};
/* End XCVersionGroup section */
	};
	rootObject = 0EE8F2881BD007EF001CE162 /* Project object */;
}
